{
  "version": 4,
  "terraform_version": "1.15.8",
  "serial": 470,
  "lineage": "635185b9-bdce-e2b1-87e9-3f6bf34191e9",
  "outputs": {},
  "resources": [
    {
      "mode": "data",
      "type": "aws_availability_zones",
      "name": "available",
      "provider": "provider[\"registry.terraform.io/hashicorp/aws\"]",
      "instances": [
        {
          "schema_version": 0,
          "attributes": {
            "all_availability_zones": null,
            "exclude_names": null,
            "exclude_zone_ids": null,
            "filter": null,
            "group_names": [
              "us-east-1-zg-1"
            ],
            "id": "us-east-1",
            "names": [
              "us-east-1a",
              "us-east-1b",
              "us-east-1c",
              "us-east-1d",
              "us-east-1e",
              "us-east-1f"
            ],
            "region": "us-east-1",
            "state": null,
            "timeouts": null,
            "zone_ids": [
              "use1-az1",
              "use1-az2",
              "use1-az4",
              "use1-az6",
              "use1-az3",
              "use1-az5"
            ]
          },
          "sensitive_attributes": [],
          "identity_schema_version": 0
        }
      ]
    },
    {
      "mode": "data",
      "type": "aws_ecrpublic_authorization_token",
      "name": "token",
      "provider": "provider[\"registry.terraform.io/hashicorp/aws\"].ecr_public",
      "instances": [
        {
          "schema_version": 0,
          "attributes": {
            "authorization_token": "QVdTOmV5SndZWGxzYjJGa0lqb2lTeXN6UkVzclozRTRXbUZ3TkhGSVMwaDJSbU56Tm10UGJteEpiUzlxVkdsU1p6QldRV2xqUWxWME5FMXJiWFkzVEZBMmVHTjRTVkp5TDJseVUwaFNXRVZCV1RaNWNHVjRRa3BuZVZJM2MyMWxNa2xtY1VKelJrSXZiMHRDTldsQmJXZE5kbmhTYkRJeVYxUTVTVVU0T1hWeGRVeDRUakF3VjJkdlNHRnhPRkV6UW5VMloyZERWM2xXTldsdVdFNW5TMGgxWVhrMU1UZzRXQzlJZUZscVlsZDRVMHBWTnpOcE4zWm5iV2xaUVVkd2NYZFZSV3hzV1ZrNFNWbDFhVTluTWpoNWNHNW1aSHBsWjNOaFowbEdVWEkxY1RCVGN6a3hkSGRxZGtKT1ZHWkpha3N4T0Zvd1RuWTROekJHTDNvdk5FOVJXR1JQZUV4a1VWTnRUbHBYV213d1lXaE5PVzF1VkV4VWJFeEdRMFJHUVdKdVJXaFBZMmhRTlc5VFFXRjJWbk55UTNOeWNERnBVRzltY0VOdFVHUklaSGhaVUZocGNXMU1WRTVuVUcxd1pHc3hjVXN3ZVZwSE5GUndVMDAxVVM5VFNtRkdWVXgwT0dOTlFqUnpkU3QwVjFwaWFYaHFXalZLVlVJMlVtTnNWR1JVVlhKWmJHOXNOMkpCUmtGek9YVmlObXBrZFRCaU5rUkJWWEZEU0dwSWNrZFNPWEJXWVRWMk5XSlFTVU5yT1U5VlUzaGhSMmxhWVhwM1NtdDNOVmR6UjFSeWF5OHhiazVSWW1Nelp6ZGpZblV3VTBZNVRrMVlOMmhMVDFkaGJ6SkNhRVkxV0ZOSldHc3JOMGRyV2tsd1FsWm5jbHBCWTNJd1FWUmlUR3R2Y2twSVJHNXJaSG8yVTFsaVVFWnhXbHBrT1dOTVptNXZOMk5tV0RSeFJtUkJRVUZLVVRScWFVZzBkbkV4YTNGMlZHOU9XRkJ5WldkclZqaEpVRmRKVEV4VmFXcDVhamQ0UlM5WFJIbHhMMDVJVW0xSmFtTTFNVlYyYW0wcmJVdHpMME5TT0VWVlRWVmFVMEZYSzBGWlowSXdXVVZFUVVzM2RtdDJWMjR5U1had2NXVlhkRUpMYUV0SGVHUmFVbE5uVHpKRE1ETTVOVFZ3VGpJMmVFZHpLMmR6SzFOUk4ydG5ORFpFT0ZaR1ZsVlJWMW96Vm0xUGFGRk9SU3RLY1hsM1VXRkVlV2MyU0RGbFNqUjVSMko1U0ZKT09FRk5TR1p5ZVZvMFVWQnpOR2xITW5GcVkzWXJMeTlRYlVJeFNsVjVXR3BFYzA5MlYwSk5aVXRvYzNONU56ZElkRUZrZDBJNU5rSnlXbEZtTVdwaFJGcFFZbTFTUVVKd2RHeEljMGRYUm5rNVRuVnZZMkUxVEdSa1RqQk9VVmMzZDNCcVEzY3llVFpETVdkaGRrUnNhVWRJTmsxbFNFNW1OWHBUWlU5TVZtWndlSEJwU1ROa2VucDBjRTlvU0V0MmVIVXpSVTlNVlRaVFVuZGhSVVZyVkRSUlRHSjJiVlZpTWpCS1UwcEtSbEV4YzJsSFVUTXhTMkY1ZG5sV2IzTTBlREZvUWxKMmRGTnZRbVlyU1dOUFZIWTVMMUZETVUxVVdEVmxlbGszWm5kdmVIVTNNMmgwVjFRelMxWnZOMkV6WWprdmMyUm1aMHhNVEZwU1VtTnhjbkEyY1hsSEswWnRTWEpoUkVGYVNFWTNjV1lyZFVadldraHVNVkYzZVhneWFGaFBNMjlYYUdveVJsUkJkWFpsT1RkQ1JFWkVNWGxFTlRKNlVFMUhhbTFZUTI1bGNFSjVlQ0lzSW1SaGRHRnJaWGtpT2lKbGVVcFJVa1puYVU5cFNtOWpXRW94VVRCYWNXSklhRWxpVm5CU1VrVmpkbVZ0U25saE1FNXNVakZrYzJJeFFuRlVSbEpaVTFOMGRGUnVWWGRaV0VwelRsZDRSRkp1U25wU2FteDJZMVJzZFZGdVpFNVdSa0pTVVRCWmQxb3pXbWhXUmxwTFYxVXhUbVJIZUROT1NGSTJaRWN4TkU5SE9XdGpXR2d4VkhrNWFGcHVSazFTUjFVMFZrUkJjbVJZWXpGV01sVXlXVzVDY1ZVeU1UUlVNMDVRVVZoS1JXVnJUbXhrZWtZMFZVaE9SMkZzU2taV2JscE9WMnhrTUU5WVVrSlZhMVpZWVVWT2RXUkZOSFpoVldzd1pGVkdWVTVxWnpKVWFrNUVZWHBPVldGVlpHRlRNRTVEVjJwa2NFNVZSbmxqUlRWeVZFWktSMVZyWjNwYVZrVXdaRlJHTmxFeFRsTmpWVVp0WVVWMFNVNXJPSGRaYWxKRFlteFNSbUV3VG0xaFIxWlZaREp3UWs5WGJISlhSRTVhVmxkT2QxUklXak5qYWxKT1VrVTFlRmRYYUdoVlJURnZWMjFhTm1GV1VucFdSVFYwVmtodmQxZFVhREZUYlhNMFVucHJlVlF6V25Ka1NHZ3pVakJGZVZScVFuUlhiSEJzVlcxMFZrNXFUbGhXUlZwVFVUSTVOVk5WZEU5a2EwWm9Uakl4VVZwVlNrMU5ha1pyVjI1R1VWbFRPV2xrUlRWTFUxaG5lbUpyU2tOaVdHODFZMFZzVEZNelFrMWphbXhyVlZaT1lXTlVRa2xsYm14b1ZWTTVjMU15WXpsUVUwbHpTV3RzUWxKRFNUWkpiR2gyWlc1Sk1HUnRNVkpaYkdSRlZqSldkR1JYU21GamFteFBWVWhDYjJWc1FtNUxNa1pxVFVaa1JsZFlWbk5PTUVZMFlYcG9kMXB0ZDNwYVNFNVpUa1ZKTWs1VldYZGFXSEI0V2pCR1JGa3hUVE5PYWtwV1pXNVdVbUl3ZHpOaU1VNVFVMFZvYkU1RWJHOVdNbmd6U3pCNFMyRXhSbXRrYkdoNFpFUmthVm95ZEdoVGJFMHdUakJrVDFwdVdteE9WR1JhVWxoQmNrNVVWbnBpVjNCV1lsZE9SMVZWVmxoaFdGcDVVbnBrYzFsVk1IaE5WVTVWVGtkUk5WVkdTa1ZPYVRsR1ZqSm9RbEV4VVhoVGJYaHhTekZOTTFWWFRsUlZSekZQWlVoU1lWUkVSa3RhVjBaNVZXczFObGxzY0hwU2JtUXpWMVpKTVdNeGFIQlpWVlpOVWxka2RWa3dkSFZNTUdob1pVWk9kMUl5V2xOWlZ6RnhVekJHYlUxRlZYSmpWazVPVkVjd2VWRnFTbUZoTUVsNVVsUm9kRTFHYXpGak1HUkRUVlJOTldKRVVtOVRSemswWVZaS2NsSXpaRlZXYmxFMVducFNUbFpwZEU5WldGWjJWbFZ3Y21OR2NIaGhWRUoxWVc1T1JGSnNWbkZXVlhSV1dXeEtOVkpFVmt4aFYwVjNaVlZzV21KdE1YaGpla0l3VkZobk1GTXhaRlpQU0d0M1kzcE5kazlVYUVWalNFSjZUa1ZXVFdOc1ZUSmliVzh6Vm0xdmRrd3dhSGxPTUZZelpHcG9jMWt4VGtWa2VqQTVTVzR3UFNJc0luWmxjbk5wYjI0aU9pSXpJaXdpZEhsd1pTSTZJa1JCVkVGZlMwVlpJaXdpWlhod2FYSmhkR2x2YmlJNk1UYzROall4T0RjM01IMD0=",
            "expires_at": "2026-08-13T10:59:30Z",
            "id": "us-east-1",
            "password": "eyJwYXlsb2FkIjoiSyszREsrZ3E4WmFwNHFIS0h2RmNzNmtPbmxJbS9qVGlSZzBWQWljQlV0NE1rbXY3TFA2eGN4SVJyL2lyU0hSWEVBWTZ5cGV4QkpneVI3c21lMklmcUJzRkIvb0tCNWlBbWdNdnhSbDIyV1Q5SUU4OXVxdUx4TjAwV2dvSGFxOFEzQnU2Z2dDV3lWNWluWE5nS0h1YXk1MTg4WC9IeFlqYld4U0pVNzNpN3ZnbWlZQUdwcXdVRWxsWVk4SVl1aU9nMjh5cG5mZHplZ3NhZ0lGUXI1cTBTczkxdHdqdkJOVGZJaksxOFowTnY4NzBGL3ovNE9RWGRPeExkUVNtTlpXWmwwYWhNOW1uVExUbExGQ0RGQWJuRWhPY2hQNW9TQWF2VnNyQ3NycDFpUG9mcENtUGRIZHhZUFhpcW1MVE5nUG1wZGsxcUsweVpHNFRwU001US9TSmFGVUx0OGNNQjRzdSt0V1piaXhqWjVKVUI2UmNsVGRUVXJZbG9sN2JBRkFzOXViNmpkdTBiNkRBVXFDSGpIckdSOXBWYTV2NWJQSUNrOU9VU3hhR2laYXp3Smt3NVdzR1Ryay8xbk5RYmMzZzdjYnUwU0Y5Tk1YN2hLT1dhbzJCaEY1WFNJWGsrN0drWklwQlZnclpBY3IwQVRiTGtvckpIRG5rZHo2U1liUEZxWlpkOWNMZm5vN2NmWDRxRmRBQUFKUTRqaUg0dnExa3F2VG9OWFByZWdrVjhJUFdJTExVaWp5ajd4RS9XRHlxL05IUm1JamM1MVV2am0rbUtzL0NSOEVVTVVaU0FXK0FZZ0IwWUVEQUs3dmt2V24ySXZwcWVXdEJLaEtHeGRaUlNnTzJDMDM5NTVwTjI2eEdzK2dzK1NRN2tnNDZEOFZGVlVRV1ozVm1PaFFORStKcXl3UWFEeWc2SDFlSjR5R2J5SFJOOEFNSGZyeVo0UVBzNGlHMnFqY3YrLy9QbUIxSlV5WGpEc092V0JNZUtoc3N5NzdIdEFkd0I5NkJyWlFmMWphRFpQYm1SQUJwdGxIc0dXRnk5TnVvY2E1TGRkTjBOUVc3d3BqQ3cyeTZDMWdhdkRsaUdINk1lSE5mNXpTZU9MVmZweHBpSTNkenp0cE9oSEt2eHUzRU9MVTZTUndhRUVrVDRRTGJ2bVViMjBKU0pKRlExc2lHUTMxS2F5dnlWb3M0eDFoQlJ2dFNvQmYrSWNPVHY5L1FDMU1UWDVlelk3ZndveHU3M2h0V1QzS1ZvN2EzYjkvc2RmZ0xMTFpSUmNxcnA2cXlHK0ZtSXJhREFaSEY3cWYrdUZvWkhuMVF3eXgyaFhPM29XaGoyRlRBdXZlOTdCREZEMXlENTJ6UE1Ham1YQ25lcEJ5eCIsImRhdGFrZXkiOiJleUpRUkZnaU9pSm9jWEoxUTBacWJIaEliVnBSUkVjdmVtSnlhME5sUjFkc2IxQnFURlJZU1N0dFRuVXdZWEpzTld4RFJuSnpSamx2Y1RsdVFuZE5WRkJSUTBZd1ozWmhWRlpLV1UxTmRHeDNOSFI2ZEcxNE9HOWtjWGgxVHk5aFpuRk1SR1U0VkRBcmRYYzFWMlUyWW5CcVUyMTRUM05QUVhKRWVrTmxkekY0VUhOR2FsSkZWblpOV2xkME9YUkJVa1ZYYUVOdWRFNHZhVWswZFVGVU5qZzJUak5EYXpOVWFVZGFTME5DV2pkcE5VRnljRTVyVEZKR1VrZ3paVkUwZFRGNlExTlNjVUZtYUV0SU5rOHdZalJDYmxSRmEwTm1hR1ZVZDJwQk9XbHJXRE5aVldOd1RIWjNjalJOUkU1eFdXaGhVRTFvV21aNmFWUnpWRTV0Vkhvd1dUaDFTbXM0UnpreVQzWnJkSGgzUjBFeVRqQnRXbHBsVW10Vk5qTlhWRVpTUTI5NVNVdE9ka0ZoTjIxUVpVSk1NakZrV25GUVlTOWlkRTVLU1hnemJrSkNiWG81Y0VsTFMzQk1jamxrVVZOYWNUQkllbmxoVVM5c1MyYzlQU0lzSWtsQlJDSTZJbGh2ZW5JMGRtMVJZbGRFVjJWdGRXSmFjamxPVUhCb2VsQm5LMkZqTUZkRldYVnNOMEY0YXpod1ptd3paSE5ZTkVJMk5VWXdaWHB4WjBGRFkxTTNOakpWZW5WUmIwdzNiMU5QU0VobE5EbG9WMngzSzB4S2ExRmtkbGh4ZERkaVoydGhTbE0wTjBkT1puWmxOVGRaUlhBck5UVnpiV3BWYldOR1VVVlhhWFp5Unpkc1lVMHhNVU5VTkdRNVVGSkVOaTlGVjJoQlExUXhTbXhxSzFNM1VXTlRVRzFPZUhSYVRERktaV0Z5VWs1NllscHpSbmQzV1ZJMWMxaHBZVVZNUldkdVkwdHVMMGhoZUZOd1IyWlNZVzFxUzBGbU1FVXJjVk5OVEcweVFqSmFhMEl5UlRodE1GazFjMGRDTVRNNWJEUm9TRzk0YVZKclIzZFVWblE1WnpSTlZpdE9ZWFZ2VlVwcmNGcHhhVEJ1YW5ORFJsVnFWVXRWWWxKNVJEVkxhV0V3ZVVsWmJtMXhjekIwVFhnMFMxZFZPSGt3Y3pNdk9UaEVjSEJ6TkVWTWNsVTJibW8zVm1vdkwwaHlOMFYzZGpoc1kxTkVkejA5SW4wPSIsInZlcnNpb24iOiIzIiwidHlwZSI6IkRBVEFfS0VZIiwiZXhwaXJhdGlvbiI6MTc4NjYxODc3MH0=",
            "region": "us-east-1",
            "user_name": "AWS"
          },
          "sensitive_attributes": [
            [
              {
                "type": "get_attr",
                "value": "authorization_token"
              }
            ],
            [
              {
                "type": "get_attr",
                "value": "password"
              }
            ]
          ],
          "identity_schema_version": 0
        }
      ]
    },
    {
      "mode": "data",
      "type": "aws_eks_cluster_auth",
      "name": "this",
      "provider": "provider[\"registry.terraform.io/hashicorp/aws\"]",
      "instances": [
        {
          "schema_version": 0,
          "attributes": {
            "id": "eks-xTreAu1P",
            "name": "eks-xTreAu1P",
            "region": "us-east-1",
            "token": "k8s-aws-v1.aHR0cHM6Ly9zdHMudXMtZWFzdC0xLmFtYXpvbmF3cy5jb20vP0FjdGlvbj1HZXRDYWxsZXJJZGVudGl0eSZWZXJzaW9uPTIwMTEtMDYtMTUmWC1BbXotQWxnb3JpdGhtPUFXUzQtSE1BQy1TSEEyNTYmWC1BbXotQ3JlZGVudGlhbD1BS0lBWUNTUDVKV1JKRk5JVVhGMiUyRjIwMjYwODEyJTJGdXMtZWFzdC0xJTJGc3RzJTJGYXdzNF9yZXF1ZXN0JlgtQW16LURhdGU9MjAyNjA4MTJUMjI1OTM3WiZYLUFtei1FeHBpcmVzPTAmWC1BbXotU2lnbmVkSGVhZGVycz1ob3N0JTNCeC1rOHMtYXdzLWlkJlgtQW16LVNpZ25hdHVyZT04NTEzZGVmOGNjNTk3NWM1NzgyNTZkNzQ2ZGM0YjQzMTk3YzJmMGQxNmEyOGM1ODc3N2E3YTY3ZmNkZjcxYjA3"
          },
          "sensitive_attributes": [
            [
              {
                "type": "get_attr",
                "value": "token"
              }
            ]
          ],
          "identity_schema_version": 0
        }
      ]
    },
    {
      "mode": "managed",
      "type": "helm_release",
      "name": "karpenter",
      "provider": "provider[\"registry.terraform.io/hashicorp/helm\"]",
      "instances": [
        {
          "schema_version": 2,
          "attributes": {
            "atomic": false,
            "chart": "karpenter",
            "cleanup_on_fail": false,
            "create_namespace": true,
            "dependency_update": false,
            "description": null,
            "devel": null,
            "disable_crd_hooks": false,
            "disable_openapi_validation": false,
            "disable_webhooks": false,
            "force_update": false,
            "id": "karpenter",
            "keyring": null,
            "lint": false,
            "manifest": null,
            "max_history": 0,
            "metadata": {
              "app_version": "1.6.0",
              "chart": "karpenter",
              "first_deployed": 1786570628,
              "last_deployed": 1786570628,
              "name": "karpenter",
              "namespace": "karpenter",
              "notes": "",
              "revision": 1,
              "values": "{\"controller\":{\"env\":[{\"name\":\"AWS_REGION\",\"value\":\"us-east-1\"}]},\"nodeSelector\":{\"karpenter.sh/controller\":\"true\"},\"replicas\":2,\"settings\":{\"clusterName\":\"eks-xTreAu1P\",\"interruptionQueue\":\"Karpenter-eks-xTreAu1P\"},\"tolerations\":[{\"key\":\"CriticalAddonsOnly\",\"operator\":\"Exists\"}]}",
              "version": "1.6.0"
            },
            "name": "karpenter",
            "namespace": "karpenter",
            "pass_credentials": false,
            "postrender": null,
            "recreate_pods": false,
            "render_subchart_notes": true,
            "replace": false,
            "repository": "oci://public.ecr.aws/karpenter",
            "repository_ca_file": null,
            "repository_cert_file": null,
            "repository_key_file": null,
            "repository_password": "eyJwYXlsb2FkIjoiU2J1WDQrZm5yUG51YU5UTW12d1JEUVB4Y0YzYUxiamRpRC82a1h6QVdqZ1pkdmJMeDJCemhZQzdGWjBaR1lOTWlqSC80OW9DWkhCNzZ6RmhOV3lYYzdBbXZqUzYrOXhzT3RvY3h2Qk96Qkg3cDFNcC8vaGU4MzhDcWdJQ1RWR1R0ZWRraEFtNC9oQ1VJOW5IWFgvSlp1TEkwV2FYQ3kzZWY2TFI4dFZ0Mk5MNFBFLy9kSUw2MzFIV3ZMVUtqTVJPdXM0WmRqait2UU52a1Rad1Bud2gvUzd3TjlBbDRJeitjNW43elJaWjdtWHNpRy91TWQ5REFYcXNQcnhIVFY3aHhQdFFpNVVWeGNsVUw1bSsvdXlUS1Q3VkI4ZUZBNUpVWHZJM1ZVM0c1L1YwejlYeE5SVGZzaFhhZnMwdlJabEVqc0Y1YnVHaWhmTW1TMEhVNmx1d2h0SklHVFNpOENVVHBMeXA4aVZtcXo0ckYwWEZwUStlRzJWTDc3QThiRTROL2RZUk1MK1NDV2dTYlgra3hpcmFwbFRlcm9vZ0JmT00vMjdTNUZ5enRDT0hSUzBRQlZoVnhjSkFydVU4cmZ1cGMrakE4Z3hYMndkUkk1clVzOFZCZGhobkthcGt4OWFvSUphWmxPNEw1bjVQZnhMWitYcVNuc3FYUHc2WTVGaUhZa0t4TEpwZjQ4MlJDU2pZaXQvTWF1alVGbFZvdXN5MzU0d2JENUhFM0cyOXBFTFE0VHlOYW15aFQxOW9oZWZxZ3JuZ0NiZkdSVlBMKzNDS3h5WnRRS1VoRlRjMjBhRHdsd21sY1MvUngrMHk3b3lkbEZ0S2w0amNwWlRmTmJzSnVGZnAyMGUvb3ZKTkdvWEJjV3M2REVVUkJUMDk5UFZ0aUF5TG1OMDg4Mmg0amhGbjVBaTJLbVo5Z3hrNmFBRDhraUxVYzdLcjhzYTUxV3Bxb0ZaTlQxOFFGd1MrL3Roek5vT2pBQUxBK0pTSm1xZEFrS3ZrbVVGTVE4bm1LTkxFdGtQRXEzWVo5c1ZJMGRYTEQyVGlSSG9Yb0hoNkFJNzUxOS9LNHM2cXJlZDRlREsxWnJDL1hBZDRubktRQ2hPamFSR1UrWkRyQ09BcUwydVRQTFRYK21VL2J3Y1JIQmVrQVN5Wmh0cVJMS0JBZWxFYU1LRDdvSERiYU4zY0lyQVMvOGk1MCtneGY2QnpCa2xmeC9VTWJUY1B6dmFmMGFiRzFBUlNwOCs1RVIyMlM2QlgyMDZKTXRkbjJ3NVRjQ2Nabm56ZGFSOFNJOThXZW9FZC9UM3JlTytpZWMySGczMElRZ24zWm9zUDNJWW05QUhEbndZK2VONUhkeGZNek52YmUwUzc1Tm5NN2F4NCIsImRhdGFrZXkiOiJleUpRUkZnaU9pSnJRbXcwWVVaaVRqTlpLM0ZMZVRBeWNHRmpablJYVWpFMVpYcHNVamt3WVVodmJWSTNSRUZFUldzMmRIWlZWRUpaVURWcVlrdE1VVkl5YUhaNGVGVTBLMk00WjAxQlkzcENhMVl2YXk5UmQwSlZhR1ZxTUZaVmFVeG9TV1ZxSzFrNVF6bFlMME0wTnlzelJYWmxTVUZJVjFSMVprMXBZamQwTUZsMk5FRXJOazV6VEdOVlVuZHNNRXA2ZDBkUWRXUTVUa3htUjFkd1MyZDNUM2RZVGt0c1VUQk1Va0U1TjNFMGExRmpSbWcxTTNaR1JtZFdkbGdyVW05TU1pOVdZbEZ1VVdKM1JrbHNUblpFWkc1MVNFb3ZlR3RoTWl0dmQwVkdNRXd6YlcwNEwyMDBZVVZCVUU1TVREVmxZbEV5TmpaVVVYaFZiMEpaUlVsU1MxcEdOSFI1Y2tkbk9GZ3ZVRk4xTTFZMlZ6RlFjSE15Y1ZSak5qaFNURkZXV1ROWVdVcFJSVzVyYld4ek4xRk1jVFZpT0VoU2MzQnJlSFJzVDFWUGQyWXdRMmQwV1VnMFFWcEhORGsyT1VJdk5VRTFOVTlXWTNKMFdXYzlQU0lzSWtsQlJDSTZJbkYyYlhCa2NXMXZkblpHYjJoamIyNVpPVVJhZFU5RmQySjBaVXRUYjJWNWNUZGxjbVJZY1drM2JWSjBURWhzVjNWYWRrMWhjWFp0VlZkVU1rUlpPRkJ6Y0hSUlRFeFpkemMzYUZCeE5HMUZWbTFNV1RGMWFGbFhSMUJSU1c0NGVUQm9jVVZWV2tWdGRVSndWV1ExTlZGME1HbG5RV2hSY1ZCMU1VZFZlRmh6Y21GTU4xRmhTRkYwUlhCVmJFbGpVVmxQTXpkbFlTdDJZakE1TmxVcmNXazBkWEpSVUdGMGNIVldRVFYxY0RneVEwdHllVlZSYjBkbWJEUlFlRmxwVmxKU05tWm1ibUZIWlhGdVdsZFpLMk0xUm5selJFSjVVVFpSUkdWNVMzUlBTWGxoYm5oT1FWbDZOakUwUkRaWWRHMUtlVGxUUjBWMGNXMTRWa0UzVFdOTFJHaG9RVVJXY1hZMlJtMUxXbXAwYkhGdVZFeFBjV3d2Y1ZKRk5VdEdLM0ZHVlhWQ1FXUkdTbUpQTVRSMWJqVnBaVFJhV0ZKVk1tOW9hSE5wTlZGVlJDdHVUSFZCVkZrMVVHbE5UV0pEZUUxMVJrMW9VVDA5SW4wPSIsInZlcnNpb24iOiIzIiwidHlwZSI6IkRBVEFfS0VZIiwiZXhwaXJhdGlvbiI6MTc4NjYxMzA2Mn0=",
            "repository_username": "AWS",
            "reset_values": false,
            "resources": null,
            "reuse_values": false,
            "set": null,
            "set_list": null,
            "set_sensitive": null,
            "set_wo": null,
            "set_wo_revision": null,
            "skip_crds": false,
            "status": "deployed",
            "take_ownership": false,
            "timeout": 300,
            "timeouts": null,
            "upgrade_install": false,
            "values": [
              "settings:\n  clusterName: eks-xTreAu1P\n  interruptionQueue: Karpenter-eks-xTreAu1P\nnodeSelector:              \n  karpenter.sh/controller: \"true\"\nreplicas: 2\ncontroller:\n  env:\n    - name: AWS_REGION\n      value: us-east-1\ntolerations:\n  - key: CriticalAddonsOnly\n    operator: Exists\n"
            ],
            "verify": false,
            "version": "1.6.0",
            "wait": true,
            "wait_for_jobs": false
          },
          "sensitive_attributes": [
            [
              {
                "type": "get_attr",
                "value": "repository_password"
              }
            ]
          ],
          "identity_schema_version": 0,
          "identity": {
            "namespace": "karpenter",
            "release_name": "karpenter"
          },
          "dependencies": [
            "data.aws_availability_zones.available",
            "data.aws_ecrpublic_authorization_token.token",
            "data.aws_eks_cluster_auth.this",
            "module.eks.aws_cloudwatch_log_group.this",
            "module.eks.aws_eks_access_entry.this",
            "module.eks.aws_eks_access_policy_association.this",
            "module.eks.aws_eks_cluster.this",
            "module.eks.aws_iam_policy.cni_ipv6_policy",
            "module.eks.aws_iam_role.eks_auto",
            "module.eks.aws_iam_role.this",
            "module.eks.aws_iam_role_policy_attachment.this",
            "module.eks.aws_security_group.cluster",
            "module.eks.aws_security_group.node",
            "module.eks.aws_security_group_rule.cluster",
            "module.eks.aws_security_group_rule.node",
            "module.eks.data.aws_caller_identity.current",
            "module.eks.data.aws_iam_policy_document.assume_role_policy",
            "module.eks.data.aws_iam_policy_document.cni_ipv6_policy",
            "module.eks.data.aws_iam_policy_document.node_assume_role_policy",
            "module.eks.data.aws_iam_session_context.current",
            "module.eks.data.aws_partition.current",
            "module.eks.module.kms.aws_kms_external_key.this",
            "module.eks.module.kms.aws_kms_key.this",
            "module.eks.module.kms.aws_kms_replica_external_key.this",
            "module.eks.module.kms.aws_kms_replica_key.this",
            "module.eks.module.kms.data.aws_caller_identity.current",
            "module.eks.module.kms.data.aws_iam_policy_document.this",
            "module.eks.module.kms.data.aws_partition.current",
            "module.karpenter.aws_sqs_queue.this",
            "module.vpc.aws_subnet.private",
            "module.vpc.aws_vpc.this",
            "module.vpc.aws_vpc_ipv4_cidr_block_association.this",
            "random_string.suffix"
          ]
        }
      ]
    },
    {
      "mode": "managed",
      "type": "helm_release",
      "name": "karpenter_resources",
      "provider": "provider[\"registry.terraform.io/hashicorp/helm\"]",
      "instances": [
        {
          "schema_version": 2,
          "attributes": {
            "atomic": false,
            "chart": "./karpenter_resources",
            "cleanup_on_fail": false,
            "create_namespace": false,
            "dependency_update": false,
            "description": null,
            "devel": null,
            "disable_crd_hooks": false,
            "disable_openapi_validation": false,
            "disable_webhooks": false,
            "force_update": false,
            "id": "karpenter-resources",
            "keyring": null,
            "lint": false,
            "manifest": null,
            "max_history": 0,
            "metadata": {
              "app_version": "",
              "chart": "karpenter-resources",
              "first_deployed": 1786570770,
              "last_deployed": 1786570770,
              "name": "karpenter-resources",
              "namespace": "karpenter",
              "notes": "",
              "revision": 1,
              "values": "{\"clusterName\":\"eks-xTreAu1P\",\"nodeRoleName\":\"eks-xTreAu1P-karpenter-node\"}",
              "version": "0.1.0"
            },
            "name": "karpenter-resources",
            "namespace": "karpenter",
            "pass_credentials": false,
            "postrender": null,
            "recreate_pods": false,
            "render_subchart_notes": true,
            "replace": false,
            "repository": null,
            "repository_ca_file": null,
            "repository_cert_file": null,
            "repository_key_file": null,
            "repository_password": null,
            "repository_username": null,
            "reset_values": false,
            "resources": null,
            "reuse_values": false,
            "set": null,
            "set_list": null,
            "set_sensitive": null,
            "set_wo": null,
            "set_wo_revision": null,
            "skip_crds": false,
            "status": "deployed",
            "take_ownership": false,
            "timeout": 300,
            "timeouts": null,
            "upgrade_install": false,
            "values": [
              "\"clusterName\": \"eks-xTreAu1P\"\n\"nodeRoleName\": \"eks-xTreAu1P-karpenter-node\"\n"
            ],
            "verify": false,
            "version": "0.1.0",
            "wait": true,
            "wait_for_jobs": false
          },
          "sensitive_attributes": [
            [
              {
                "type": "get_attr",
                "value": "repository_password"
              }
            ]
          ],
          "identity_schema_version": 0,
          "identity": {
            "namespace": "karpenter",
            "release_name": "karpenter-resources"
          },
          "dependencies": [
            "data.aws_availability_zones.available",
            "data.aws_ecrpublic_authorization_token.token",
            "data.aws_eks_cluster_auth.this",
            "helm_release.karpenter",
            "module.eks.aws_cloudwatch_log_group.this",
            "module.eks.aws_eks_access_entry.this",
            "module.eks.aws_eks_access_policy_association.this",
            "module.eks.aws_eks_cluster.this",
            "module.eks.aws_iam_policy.cni_ipv6_policy",
            "module.eks.aws_iam_role.eks_auto",
            "module.eks.aws_iam_role.this",
            "module.eks.aws_iam_role_policy_attachment.this",
            "module.eks.aws_security_group.cluster",
            "module.eks.aws_security_group.node",
            "module.eks.aws_security_group_rule.cluster",
            "module.eks.aws_security_group_rule.node",
            "module.eks.data.aws_caller_identity.current",
            "module.eks.data.aws_iam_policy_document.assume_role_policy",
            "module.eks.data.aws_iam_policy_document.cni_ipv6_policy",
            "module.eks.data.aws_iam_policy_document.node_assume_role_policy",
            "module.eks.data.aws_iam_session_context.current",
            "module.eks.data.aws_partition.current",
            "module.eks.module.kms.aws_kms_external_key.this",
            "module.eks.module.kms.aws_kms_key.this",
            "module.eks.module.kms.aws_kms_replica_external_key.this",
            "module.eks.module.kms.aws_kms_replica_key.this",
            "module.eks.module.kms.data.aws_caller_identity.current",
            "module.eks.module.kms.data.aws_iam_policy_document.this",
            "module.eks.module.kms.data.aws_partition.current",
            "module.karpenter.aws_iam_role.node",
            "module.karpenter.aws_sqs_queue.this",
            "module.karpenter.data.aws_caller_identity.current",
            "module.karpenter.data.aws_iam_policy_document.node_assume_role",
            "module.karpenter.data.aws_service_principal.ec2",
            "module.vpc.aws_subnet.private",
            "module.vpc.aws_vpc.this",
            "module.vpc.aws_vpc_ipv4_cidr_block_association.this",
            "random_string.suffix"
          ]
        }
      ]
    },
    {
      "mode": "managed",
      "type": "random_string",
      "name": "suffix",
      "provider": "provider[\"registry.terraform.io/hashicorp/random\"]",
      "instances": [
        {
          "schema_version": 2,
          "attributes": {
            "id": "xTreAu1P",
            "keepers": null,
            "length": 8,
            "lower": true,
            "min_lower": 0,
            "min_numeric": 0,
            "min_special": 0,
            "min_upper": 0,
            "number": true,
            "numeric": true,
            "override_special": null,
            "result": "xTreAu1P",
            "special": false,
            "upper": true
          },
          "sensitive_attributes": [],
          "identity_schema_version": 0,
          "create_before_destroy": true
        }
      ]
    },
    {
      "module": "module.eks",
      "mode": "data",
      "type": "aws_caller_identity",
      "name": "current",
      "provider": "provider[\"registry.terraform.io/hashicorp/aws\"]",
      "instances": [
        {
          "index_key": 0,
          "schema_version": 0,
          "attributes": {
            "account_id": "555292118434",
            "arn": "arn:aws:iam::555292118434:user/awscli_user",
            "id": "555292118434",
            "user_id": "AIDAYCSP5JWRLXN7M7OV4"
          },
          "sensitive_attributes": [],
          "identity_schema_version": 0
        }
      ]
    },
    {
      "module": "module.eks",
      "mode": "data",
      "type": "aws_iam_policy_document",
      "name": "assume_role_policy",
      "provider": "provider[\"registry.terraform.io/hashicorp/aws\"]",
      "instances": [
        {
          "index_key": 0,
          "schema_version": 0,
          "attributes": {
            "id": "2830595799",
            "json": "{\n  \"Version\": \"2012-10-17\",\n  \"Statement\": [\n    {\n      \"Sid\": \"EKSClusterAssumeRole\",\n      \"Effect\": \"Allow\",\n      \"Action\": [\n        \"sts:TagSession\",\n        \"sts:AssumeRole\"\n      ],\n      \"Principal\": {\n        \"Service\": \"eks.amazonaws.com\"\n      }\n    }\n  ]\n}",
            "minified_json": "{\"Version\":\"2012-10-17\",\"Statement\":[{\"Sid\":\"EKSClusterAssumeRole\",\"Effect\":\"Allow\",\"Action\":[\"sts:TagSession\",\"sts:AssumeRole\"],\"Principal\":{\"Service\":\"eks.amazonaws.com\"}}]}",
            "override_json": null,
            "override_policy_documents": null,
            "policy_id": null,
            "source_json": null,
            "source_policy_documents": null,
            "statement": [
              {
                "actions": [
                  "sts:AssumeRole",
                  "sts:TagSession"
                ],
                "condition": [],
                "effect": "Allow",
                "not_actions": [],
                "not_principals": [],
                "not_resources": [],
                "principals": [
                  {
                    "identifiers": [
                      "eks.amazonaws.com"
                    ],
                    "type": "Service"
                  }
                ],
                "resources": [],
                "sid": "EKSClusterAssumeRole"
              }
            ],
            "version": "2012-10-17"
          },
          "sensitive_attributes": [],
          "identity_schema_version": 0
        }
      ]
    },
    {
      "module": "module.eks",
      "mode": "data",
      "type": "aws_iam_policy_document",
      "name": "cni_ipv6_policy",
      "provider": "provider[\"registry.terraform.io/hashicorp/aws\"]",
      "instances": []
    },
    {
      "module": "module.eks",
      "mode": "data",
      "type": "aws_iam_policy_document",
      "name": "node_assume_role_policy",
      "provider": "provider[\"registry.terraform.io/hashicorp/aws\"]",
      "instances": []
    },
    {
      "module": "module.eks",
      "mode": "data",
      "type": "aws_iam_session_context",
      "name": "current",
      "provider": "provider[\"registry.terraform.io/hashicorp/aws\"]",
      "instances": [
        {
          "index_key": 0,
          "schema_version": 0,
          "attributes": {
            "arn": "arn:aws:iam::555292118434:user/awscli_user",
            "id": "arn:aws:iam::555292118434:user/awscli_user",
            "issuer_arn": "arn:aws:iam::555292118434:user/awscli_user",
            "issuer_id": "",
            "issuer_name": "",
            "session_name": ""
          },
          "sensitive_attributes": [],
          "identity_schema_version": 0
        }
      ]
    },
    {
      "module": "module.eks",
      "mode": "data",
      "type": "aws_partition",
      "name": "current",
      "provider": "provider[\"registry.terraform.io/hashicorp/aws\"]",
      "instances": [
        {
          "index_key": 0,
          "schema_version": 0,
          "attributes": {
            "dns_suffix": "amazonaws.com",
            "id": "aws",
            "partition": "aws",
            "reverse_dns_prefix": "com.amazonaws"
          },
          "sensitive_attributes": [],
          "identity_schema_version": 0
        }
      ]
    },
    {
      "module": "module.eks",
      "mode": "managed",
      "type": "aws_cloudwatch_log_group",
      "name": "this",
      "provider": "provider[\"registry.terraform.io/hashicorp/aws\"]",
      "instances": [
        {
          "index_key": 0,
          "schema_version": 0,
          "attributes": {
            "arn": "arn:aws:logs:us-east-1:555292118434:log-group:/aws/eks/eks-xTreAu1P/cluster",
            "deletion_protection_enabled": false,
            "id": "/aws/eks/eks-xTreAu1P/cluster",
            "kms_key_id": "",
            "log_group_class": "STANDARD",
            "name": "/aws/eks/eks-xTreAu1P/cluster",
            "name_prefix": "",
            "region": "us-east-1",
            "retention_in_days": 90,
            "skip_destroy": false,
            "tags": {
              "ManagedBy": "Terraform",
              "Name": "/aws/eks/eks-xTreAu1P/cluster",
              "Project": "Learning Terraform"
            },
            "tags_all": {
              "ManagedBy": "Terraform",
              "Name": "/aws/eks/eks-xTreAu1P/cluster",
              "Project": "Learning Terraform"
            }
          },
          "sensitive_attributes": [],
          "identity_schema_version": 0,
          "identity": {
            "account_id": "555292118434",
            "name": "/aws/eks/eks-xTreAu1P/cluster",
            "region": "us-east-1"
          },
          "private": "bnVsbA==",
          "dependencies": [
            "random_string.suffix"
          ],
          "create_before_destroy": true
        }
      ]
    },
    {
      "module": "module.eks",
      "mode": "managed",
      "type": "aws_eks_access_entry",
      "name": "this",
      "provider": "provider[\"registry.terraform.io/hashicorp/aws\"]",
      "instances": [
        {
          "index_key": "cluster_creator",
          "schema_version": 0,
          "attributes": {
            "access_entry_arn": "arn:aws:eks:us-east-1:555292118434:access-entry/eks-xTreAu1P/user/555292118434/awscli_user/7acffbf3-db8c-d58f-5805-1877f2ecf3f7",
            "cluster_name": "eks-xTreAu1P",
            "created_at": "2026-08-12T21:36:26Z",
            "id": "eks-xTreAu1P:arn:aws:iam::555292118434:user/awscli_user",
            "kubernetes_groups": [],
            "modified_at": "2026-08-12T21:36:26Z",
            "principal_arn": "arn:aws:iam::555292118434:user/awscli_user",
            "region": "us-east-1",
            "tags": {
              "ManagedBy": "Terraform",
              "Project": "Learning Terraform"
            },
            "tags_all": {
              "ManagedBy": "Terraform",
              "Project": "Learning Terraform"
            },
            "timeouts": null,
            "type": "STANDARD",
            "user_name": "arn:aws:iam::555292118434:user/awscli_user"
          },
          "sensitive_attributes": [],
          "identity_schema_version": 0,
          "identity": {
            "account_id": "555292118434",
            "cluster_name": "eks-xTreAu1P",
            "principal_arn": "arn:aws:iam::555292118434:user/awscli_user",
            "region": "us-east-1"
          },
          "private": "eyJlMmJmYjczMC1lY2FhLTExZTYtOGY4OC0zNDM2M2JjN2M0YzAiOnsiY3JlYXRlIjo2MDAwMDAwMDAwMDAsImRlbGV0ZSI6NjAwMDAwMDAwMDAwfX0=",
          "dependencies": [
            "data.aws_availability_zones.available",
            "module.eks.aws_cloudwatch_log_group.this",
            "module.eks.aws_eks_cluster.this",
            "module.eks.aws_iam_policy.cni_ipv6_policy",
            "module.eks.aws_iam_role.eks_auto",
            "module.eks.aws_iam_role.this",
            "module.eks.aws_iam_role_policy_attachment.this",
            "module.eks.aws_security_group.cluster",
            "module.eks.aws_security_group.node",
            "module.eks.aws_security_group_rule.cluster",
            "module.eks.aws_security_group_rule.node",
            "module.eks.data.aws_caller_identity.current",
            "module.eks.data.aws_iam_policy_document.assume_role_policy",
            "module.eks.data.aws_iam_policy_document.cni_ipv6_policy",
            "module.eks.data.aws_iam_policy_document.node_assume_role_policy",
            "module.eks.data.aws_iam_session_context.current",
            "module.eks.data.aws_partition.current",
            "module.eks.module.kms.aws_kms_external_key.this",
            "module.eks.module.kms.aws_kms_key.this",
            "module.eks.module.kms.aws_kms_replica_external_key.this",
            "module.eks.module.kms.aws_kms_replica_key.this",
            "module.eks.module.kms.data.aws_caller_identity.current",
            "module.eks.module.kms.data.aws_iam_policy_document.this",
            "module.eks.module.kms.data.aws_partition.current",
            "module.vpc.aws_subnet.private",
            "module.vpc.aws_vpc.this",
            "module.vpc.aws_vpc_ipv4_cidr_block_association.this",
            "random_string.suffix"
          ]
        }
      ]
    },
    {
      "module": "module.eks",
      "mode": "managed",
      "type": "aws_eks_access_policy_association",
      "name": "this",
      "provider": "provider[\"registry.terraform.io/hashicorp/aws\"]",
      "instances": [
        {
          "index_key": "cluster_creator_admin",
          "schema_version": 0,
          "attributes": {
            "access_scope": [
              {
                "namespaces": [],
                "type": "cluster"
              }
            ],
            "associated_at": "2026-08-12 21:36:27.321 +0000 UTC",
            "cluster_name": "eks-xTreAu1P",
            "id": "eks-xTreAu1P#arn:aws:iam::555292118434:user/awscli_user#arn:aws:eks::aws:cluster-access-policy/AmazonEKSClusterAdminPolicy",
            "modified_at": "2026-08-12 21:36:27.321 +0000 UTC",
            "policy_arn": "arn:aws:eks::aws:cluster-access-policy/AmazonEKSClusterAdminPolicy",
            "principal_arn": "arn:aws:iam::555292118434:user/awscli_user",
            "region": "us-east-1",
            "timeouts": null
          },
          "sensitive_attributes": [],
          "identity_schema_version": 0,
          "identity": {
            "account_id": "555292118434",
            "cluster_name": "eks-xTreAu1P",
            "policy_arn": "arn:aws:eks::aws:cluster-access-policy/AmazonEKSClusterAdminPolicy",
            "principal_arn": "arn:aws:iam::555292118434:user/awscli_user",
            "region": "us-east-1"
          },
          "private": "eyJlMmJmYjczMC1lY2FhLTExZTYtOGY4OC0zNDM2M2JjN2M0YzAiOnsiY3JlYXRlIjo2MDAwMDAwMDAwMDAsImRlbGV0ZSI6NjAwMDAwMDAwMDAwfX0=",
          "dependencies": [
            "data.aws_availability_zones.available",
            "module.eks.aws_cloudwatch_log_group.this",
            "module.eks.aws_eks_access_entry.this",
            "module.eks.aws_eks_cluster.this",
            "module.eks.aws_iam_policy.cni_ipv6_policy",
            "module.eks.aws_iam_role.eks_auto",
            "module.eks.aws_iam_role.this",
            "module.eks.aws_iam_role_policy_attachment.this",
            "module.eks.aws_security_group.cluster",
            "module.eks.aws_security_group.node",
            "module.eks.aws_security_group_rule.cluster",
            "module.eks.aws_security_group_rule.node",
            "module.eks.data.aws_caller_identity.current",
            "module.eks.data.aws_iam_policy_document.assume_role_policy",
            "module.eks.data.aws_iam_policy_document.cni_ipv6_policy",
            "module.eks.data.aws_iam_policy_document.node_assume_role_policy",
            "module.eks.data.aws_iam_session_context.current",
            "module.eks.data.aws_partition.current",
            "module.eks.module.kms.aws_kms_external_key.this",
            "module.eks.module.kms.aws_kms_key.this",
            "module.eks.module.kms.aws_kms_replica_external_key.this",
            "module.eks.module.kms.aws_kms_replica_key.this",
            "module.eks.module.kms.data.aws_caller_identity.current",
            "module.eks.module.kms.data.aws_iam_policy_document.this",
            "module.eks.module.kms.data.aws_partition.current",
            "module.vpc.aws_subnet.private",
            "module.vpc.aws_vpc.this",
            "module.vpc.aws_vpc_ipv4_cidr_block_association.this",
            "random_string.suffix"
          ]
        }
      ]
    },
    {
      "module": "module.eks",
      "mode": "managed",
      "type": "aws_eks_cluster",
      "name": "this",
      "provider": "provider[\"registry.terraform.io/hashicorp/aws\"]",
      "instances": [
        {
          "index_key": 0,
          "schema_version": 1,
          "attributes": {
            "access_config": [
              {
                "authentication_mode": "API_AND_CONFIG_MAP",
                "bootstrap_cluster_creator_admin_permissions": false
              }
            ],
            "arn": "arn:aws:eks:us-east-1:555292118434:cluster/eks-xTreAu1P",
            "bootstrap_self_managed_addons": false,
            "certificate_authority": [
              {
                "data": "LS0tLS1CRUdJTiBDRVJUSUZJQ0FURS0tLS0tCk1JSUREakNDQWZhZ0F3SUJBZ0lSQU9WbUR2Z3RUTjFlUzhLMHcvUmFXNkV3RFFZSktvWklodmNOQVFFTEJRQXcKRlRFVE1CRUdBMVVFQXhNS2EzVmlaWEp1WlhSbGN6QWVGdzB5TmpBNE1USXlNVEkxTWpCYUZ3MHpOakE0TURreQpNVEkxTWpCYU1CVXhFekFSQmdOVkJBTVRDbXQxWW1WeWJtVjBaWE13Z2dFaU1BMEdDU3FHU0liM0RRRUJBUVVBCkE0SUJEd0F3Z2dFS0FvSUJBUURHdml1blpQT05lU0NPSE14K1c0Q2M0SU9TeU44TnkxSGFaL2trOVhER1N6eG8KMzhHZlh2c3pYNFhzWkxXSk9HUUtjRENkd1djSzErQjBwUHNUcERHdHR5UzdubUNDUkltbGFOTFcyMzF2Uk1URQpFVWhLZ2I0bzd4UE93NDVHd2ZtaGdHYm84NFlXTVp1d1lBRnR5aTFBalVZNGh5cFRKZy81KzVtYkJqMnFUbmVuCmRHZWRVRERrRFpTcFVoMXlpMndhNVczalA3S0M4VkhnODJQaFRyN01XNDVZa1NiV3JDTWtmbjFET0tKdFdtSzgKbGhQZUhsUHM0VEVWZnZyYWZoTlVwNmVUd0EwYmpiSExCcno3dDN4cjRGUkpnbXBkWUxXbWtBMmZMVzA2U0tCWAo3Y0IwMnBTVEM5OVNZSjJ4VGJIVjZhRDA1ckJNOEQ0MzRoUTBKVzNwQWdNQkFBR2pXVEJYTUE0R0ExVWREd0VCCi93UUVBd0lDcERBUEJnTlZIUk1CQWY4RUJUQURBUUgvTUIwR0ExVWREZ1FXQkJTMlFXR2NKQ1lDNGF2ZS9lQWwKT1g0U0d6OHI1ekFWQmdOVkhSRUVEakFNZ2dwcmRXSmxjbTVsZEdWek1BMEdDU3FHU0liM0RRRUJDd1VBQTRJQgpBUUFVYmpUN1FldVUrS0Vwa2Y5ekdmcTdNeUxjZk9taTNGelM3djlXN3lNRUI4bVdCaU9Kek1wS3MyNnhOMXk5CmdZd2Ivd1VHYWg2ZjkxZG1oWTF4T2FPOXZqRnlxOG1oZ2tTbkZJWm96L3BOczRiWXQ0RTByUEp3cTZEVHA1eWUKblQxTk1mYXNweXdtdmQvSUNKVlMyRjdXSk9wOHJXVndValRnc1FwdG1UVWJ0ek1ZWm12RFQwSTdsN00zbmsyUQpnS0E5ZzZuVE5xR3J4M1VrMGhJNzFrN1hPNWVsa1pnZWtLM0dETWs2cG5tSWdTOGgwbGhQY3o3OVdsai9qUnh4CnFWTDNWSktFaEZkMTcwVnN5TmlKUm5NdWhzc0FKYnJENzRvZ1JvSjhZbnJ0cmJDb3RyN0FMUm93YlFhdlZaKy8KRWN6SlJNdXZCWVNQaExQNVpvajcvZDlmCi0tLS0tRU5EIENFUlRJRklDQVRFLS0tLS0K"
              }
            ],
            "cluster_id": null,
            "compute_config": [
              {
                "enabled": false,
                "node_pools": [],
                "node_role_arn": ""
              }
            ],
            "control_plane_scaling_config": [
              {
                "tier": "standard"
              }
            ],
            "created_at": "2026-08-12T21:25:02Z",
            "deletion_protection": false,
            "enabled_cluster_log_types": [
              "api",
              "audit",
              "authenticator"
            ],
            "encryption_config": [
              {
                "provider": [
                  {
                    "key_arn": "arn:aws:kms:us-east-1:555292118434:key/b8bca8e2-5b31-4f33-8ab0-dc39afffa5ae"
                  }
                ],
                "resources": [
                  "secrets"
                ]
              }
            ],
            "endpoint": "https://8D4138881E914B02E3391611114738A1.yl4.us-east-1.eks.amazonaws.com",
            "force_update_version": null,
            "id": "eks-xTreAu1P",
            "identity": [
              {
                "oidc": [
                  {
                    "issuer": "https://oidc.eks.us-east-1.amazonaws.com/id/8D4138881E914B02E3391611114738A1"
                  }
                ]
              }
            ],
            "kube_api_server_config": [
              {
                "event_ttl": "60m",
                "service_node_port_range": [
                  {
                    "max_port": 32767,
                    "min_port": 30000
                  }
                ]
              }
            ],
            "kube_controller_manager_config": [
              {
                "horizontal_pod_autoscaler_controller_config": [
                  {
                    "horizontal_pod_autoscaler_sync_period": "15s"
                  }
                ]
              }
            ],
            "kube_scheduler_config": [
              {
                "node_resources_fit": [
                  {
                    "scoring_strategy": [
                      {
                        "resource": [
                          {
                            "name": "cpu",
                            "weight": 1
                          },
                          {
                            "name": "memory",
                            "weight": 1
                          }
                        ],
                        "type": "LeastAllocated"
                      }
                    ]
                  }
                ]
              }
            ],
            "kubernetes_network_config": [
              {
                "elastic_load_balancing": [
                  {
                    "enabled": false
                  }
                ],
                "ip_family": "ipv4",
                "service_ipv4_cidr": "10.100.0.0/16",
                "service_ipv6_cidr": ""
              }
            ],
            "name": "eks-xTreAu1P",
            "outpost_config": [],
            "platform_version": "eks.20",
            "region": "us-east-1",
            "remote_network_config": [],
            "role_arn": "arn:aws:iam::555292118434:role/eks-xTreAu1P-cluster-979ffcf9a3d14a75ea79279043",
            "status": "ACTIVE",
            "storage_config": [
              {
                "block_storage": [
                  {
                    "enabled": false
                  }
                ]
              }
            ],
            "tags": {
              "ManagedBy": "Terraform",
              "Project": "Learning Terraform"
            },
            "tags_all": {
              "ManagedBy": "Terraform",
              "Project": "Learning Terraform"
            },
            "timeouts": null,
            "upgrade_policy": [
              {
                "support_type": "EXTENDED"
              }
            ],
            "version": "1.35",
            "vpc_config": [
              {
                "cluster_security_group_id": "sg-08948aecc4567d09f",
                "control_plane_egress_mode": "AWS_MANAGED",
                "endpoint_private_access": true,
                "endpoint_public_access": true,
                "public_access_cidrs": [
                  "0.0.0.0/0"
                ],
                "security_group_ids": [
                  "sg-0881166ec783be1ae"
                ],
                "subnet_ids": [
                  "subnet-05ce9870c6b7612bb",
                  "subnet-0a67852e47c4828e6"
                ],
                "vpc_id": "vpc-04c418f197b2c8612"
              }
            ],
            "zonal_shift_config": []
          },
          "sensitive_attributes": [],
          "identity_schema_version": 0,
          "identity": {
            "account_id": "555292118434",
            "name": "eks-xTreAu1P",
            "region": "us-east-1"
          },
          "private": "eyJlMmJmYjczMC1lY2FhLTExZTYtOGY4OC0zNDM2M2JjN2M0YzAiOnsiY3JlYXRlIjoxODAwMDAwMDAwMDAwLCJkZWxldGUiOjkwMDAwMDAwMDAwMCwidXBkYXRlIjozNjAwMDAwMDAwMDAwfSwic2NoZW1hX3ZlcnNpb24iOiIxIn0=",
          "dependencies": [
            "data.aws_availability_zones.available",
            "module.eks.aws_cloudwatch_log_group.this",
            "module.eks.aws_iam_policy.cni_ipv6_policy",
            "module.eks.aws_iam_role.eks_auto",
            "module.eks.aws_iam_role.this",
            "module.eks.aws_iam_role_policy_attachment.this",
            "module.eks.aws_security_group.cluster",
            "module.eks.aws_security_group.node",
            "module.eks.aws_security_group_rule.cluster",
            "module.eks.aws_security_group_rule.node",
            "module.eks.data.aws_caller_identity.current",
            "module.eks.data.aws_iam_policy_document.assume_role_policy",
            "module.eks.data.aws_iam_policy_document.cni_ipv6_policy",
            "module.eks.data.aws_iam_policy_document.node_assume_role_policy",
            "module.eks.data.aws_iam_session_context.current",
            "module.eks.data.aws_partition.current",
            "module.eks.module.kms.aws_kms_external_key.this",
            "module.eks.module.kms.aws_kms_key.this",
            "module.eks.module.kms.aws_kms_replica_external_key.this",
            "module.eks.module.kms.aws_kms_replica_key.this",
            "module.eks.module.kms.data.aws_caller_identity.current",
            "module.eks.module.kms.data.aws_iam_policy_document.this",
            "module.eks.module.kms.data.aws_partition.current",
            "module.vpc.aws_subnet.private",
            "module.vpc.aws_vpc.this",
            "module.vpc.aws_vpc_ipv4_cidr_block_association.this",
            "random_string.suffix"
          ],
          "create_before_destroy": true
        }
      ]
    },
    {
      "module": "module.eks",
      "mode": "managed",
      "type": "aws_iam_policy",
      "name": "cni_ipv6_policy",
      "provider": "provider[\"registry.terraform.io/hashicorp/aws\"]",
      "instances": []
    },
    {
      "module": "module.eks",
      "mode": "managed",
      "type": "aws_iam_role",
      "name": "eks_auto",
      "provider": "provider[\"registry.terraform.io/hashicorp/aws\"]",
      "instances": []
    },
    {
      "module": "module.eks",
      "mode": "managed",
      "type": "aws_iam_role",
      "name": "this",
      "provider": "provider[\"registry.terraform.io/hashicorp/aws\"]",
      "instances": [
        {
          "index_key": 0,
          "schema_version": 0,
          "attributes": {
            "arn": "arn:aws:iam::555292118434:role/eks-xTreAu1P-cluster-979ffcf9a3d14a75ea79279043",
            "assume_role_policy": "{\"Statement\":[{\"Action\":[\"sts:TagSession\",\"sts:AssumeRole\"],\"Effect\":\"Allow\",\"Principal\":{\"Service\":\"eks.amazonaws.com\"},\"Sid\":\"EKSClusterAssumeRole\"}],\"Version\":\"2012-10-17\"}",
            "create_date": "2026-08-12T21:24:30Z",
            "description": "",
            "force_detach_policies": true,
            "id": "eks-xTreAu1P-cluster-979ffcf9a3d14a75ea79279043",
            "inline_policy": [],
            "managed_policy_arns": [
              "arn:aws:iam::555292118434:policy/eks-xTreAu1P-cluster-ClusterEncryption8c42eff986767480f2b012663f",
              "arn:aws:iam::aws:policy/AmazonEKSClusterPolicy"
            ],
            "max_session_duration": 3600,
            "name": "eks-xTreAu1P-cluster-979ffcf9a3d14a75ea79279043",
            "name_prefix": "eks-xTreAu1P-cluster-",
            "path": "/",
            "permissions_boundary": "",
            "tags": {
              "ManagedBy": "Terraform",
              "Project": "Learning Terraform"
            },
            "tags_all": {
              "ManagedBy": "Terraform",
              "Project": "Learning Terraform"
            },
            "unique_id": "AROAYCSP5JWRNRKWTDMJ4"
          },
          "sensitive_attributes": [],
          "identity_schema_version": 0,
          "identity": {
            "account_id": "555292118434",
            "name": "eks-xTreAu1P-cluster-979ffcf9a3d14a75ea79279043"
          },
          "private": "bnVsbA==",
          "dependencies": [
            "module.eks.data.aws_iam_policy_document.assume_role_policy",
            "random_string.suffix"
          ],
          "create_before_destroy": true
        }
      ]
    },
    {
      "module": "module.eks",
      "mode": "managed",
      "type": "aws_iam_role_policy_attachment",
      "name": "this",
      "provider": "provider[\"registry.terraform.io/hashicorp/aws\"]",
      "instances": [
        {
          "index_key": "AmazonEKSClusterPolicy",
          "schema_version": 0,
          "attributes": {
            "id": "eks-xTreAu1P-cluster-979ffcf9a3d14a75ea79279043/arn:aws:iam::aws:policy/AmazonEKSClusterPolicy",
            "policy_arn": "arn:aws:iam::aws:policy/AmazonEKSClusterPolicy",
            "role": "eks-xTreAu1P-cluster-979ffcf9a3d14a75ea79279043"
          },
          "sensitive_attributes": [],
          "identity_schema_version": 0,
          "identity": {
            "account_id": "555292118434",
            "policy_arn": "arn:aws:iam::aws:policy/AmazonEKSClusterPolicy",
            "role": "eks-xTreAu1P-cluster-979ffcf9a3d14a75ea79279043"
          },
          "private": "bnVsbA==",
          "dependencies": [
            "module.eks.aws_iam_role.this",
            "module.eks.data.aws_iam_policy_document.assume_role_policy",
            "module.eks.data.aws_partition.current",
            "random_string.suffix"
          ],
          "create_before_destroy": true
        }
      ]
    },
    {
      "module": "module.eks",
      "mode": "managed",
      "type": "aws_security_group",
      "name": "cluster",
      "provider": "provider[\"registry.terraform.io/hashicorp/aws\"]",
      "instances": [
        {
          "index_key": 0,
          "schema_version": 1,
          "attributes": {
            "arn": "arn:aws:ec2:us-east-1:555292118434:security-group/sg-0881166ec783be1ae",
            "description": "Security group for EKS cluster",
            "egress": [],
            "id": "sg-0881166ec783be1ae",
            "ingress": [
              {
                "cidr_blocks": [
                  "0.0.0.0/0"
                ],
                "description": "Allow Kubernetes API access from trusted networks",
                "from_port": 443,
                "ipv6_cidr_blocks": [],
                "prefix_list_ids": [],
                "protocol": "tcp",
                "security_groups": [],
                "self": false,
                "to_port": 443
              },
              {
                "cidr_blocks": [],
                "description": "Node groups to cluster API",
                "from_port": 443,
                "ipv6_cidr_blocks": [],
                "prefix_list_ids": [],
                "protocol": "tcp",
                "security_groups": [
                  "sg-08dfa8c4692022903"
                ],
                "self": false,
                "to_port": 443
              }
            ],
            "name": "eks-xTreAu1P-cluster-sg-681aff9ea06c6af9742d4a43a4",
            "name_prefix": "eks-xTreAu1P-cluster-sg-",
            "owner_id": "555292118434",
            "region": "us-east-1",
            "revoke_rules_on_delete": false,
            "tags": {
              "ManagedBy": "Terraform",
              "Name": "eks-xTreAu1P-cluster-sg",
              "Project": "Learning Terraform"
            },
            "tags_all": {
              "ManagedBy": "Terraform",
              "Name": "eks-xTreAu1P-cluster-sg",
              "Project": "Learning Terraform"
            },
            "timeouts": null,
            "vpc_id": "vpc-04c418f197b2c8612"
          },
          "sensitive_attributes": [],
          "identity_schema_version": 0,
          "identity": {
            "account_id": "555292118434",
            "id": "sg-0881166ec783be1ae",
            "region": "us-east-1"
          },
          "private": "eyJlMmJmYjczMC1lY2FhLTExZTYtOGY4OC0zNDM2M2JjN2M0YzAiOnsiY3JlYXRlIjo2MDAwMDAwMDAwMDAsImRlbGV0ZSI6OTAwMDAwMDAwMDAwfSwic2NoZW1hX3ZlcnNpb24iOiIxIn0=",
          "dependencies": [
            "module.vpc.aws_vpc.this",
            "random_string.suffix"
          ],
          "create_before_destroy": true
        }
      ]
    },
    {
      "module": "module.eks",
      "mode": "managed",
      "type": "aws_security_group",
      "name": "node",
      "provider": "provider[\"registry.terraform.io/hashicorp/aws\"]",
      "instances": [
        {
          "index_key": 0,
          "schema_version": 1,
          "attributes": {
            "arn": "arn:aws:ec2:us-east-1:555292118434:security-group/sg-08dfa8c4692022903",
            "description": "EKS node shared security group",
            "egress": [
              {
                "cidr_blocks": [
                  "0.0.0.0/0"
                ],
                "description": "Allow all egress",
                "from_port": 0,
                "ipv6_cidr_blocks": [],
                "prefix_list_ids": [],
                "protocol": "-1",
                "security_groups": [],
                "self": false,
                "to_port": 0
              }
            ],
            "id": "sg-08dfa8c4692022903",
            "ingress": [
              {
                "cidr_blocks": [],
                "description": "Cluster API to node 10251/tcp webhook",
                "from_port": 10251,
                "ipv6_cidr_blocks": [],
                "prefix_list_ids": [],
                "protocol": "tcp",
                "security_groups": [
                  "sg-0881166ec783be1ae"
                ],
                "self": false,
                "to_port": 10251
              },
              {
                "cidr_blocks": [],
                "description": "Cluster API to node 4443/tcp webhook",
                "from_port": 4443,
                "ipv6_cidr_blocks": [],
                "prefix_list_ids": [],
                "protocol": "tcp",
                "security_groups": [
                  "sg-0881166ec783be1ae"
                ],
                "self": false,
                "to_port": 4443
              },
              {
                "cidr_blocks": [],
                "description": "Cluster API to node 6443/tcp webhook",
                "from_port": 6443,
                "ipv6_cidr_blocks": [],
                "prefix_list_ids": [],
                "protocol": "tcp",
                "security_groups": [
                  "sg-0881166ec783be1ae"
                ],
                "self": false,
                "to_port": 6443
              },
              {
                "cidr_blocks": [],
                "description": "Cluster API to node 8443/tcp webhook",
                "from_port": 8443,
                "ipv6_cidr_blocks": [],
                "prefix_list_ids": [],
                "protocol": "tcp",
                "security_groups": [
                  "sg-0881166ec783be1ae"
                ],
                "self": false,
                "to_port": 8443
              },
              {
                "cidr_blocks": [],
                "description": "Cluster API to node 9443/tcp webhook",
                "from_port": 9443,
                "ipv6_cidr_blocks": [],
                "prefix_list_ids": [],
                "protocol": "tcp",
                "security_groups": [
                  "sg-0881166ec783be1ae"
                ],
                "self": false,
                "to_port": 9443
              },
              {
                "cidr_blocks": [],
                "description": "Cluster API to node groups",
                "from_port": 443,
                "ipv6_cidr_blocks": [],
                "prefix_list_ids": [],
                "protocol": "tcp",
                "security_groups": [
                  "sg-0881166ec783be1ae"
                ],
                "self": false,
                "to_port": 443
              },
              {
                "cidr_blocks": [],
                "description": "Cluster API to node kubelets",
                "from_port": 10250,
                "ipv6_cidr_blocks": [],
                "prefix_list_ids": [],
                "protocol": "tcp",
                "security_groups": [
                  "sg-0881166ec783be1ae"
                ],
                "self": false,
                "to_port": 10250
              },
              {
                "cidr_blocks": [],
                "description": "Node to node CoreDNS UDP",
                "from_port": 53,
                "ipv6_cidr_blocks": [],
                "prefix_list_ids": [],
                "protocol": "udp",
                "security_groups": [],
                "self": true,
                "to_port": 53
              },
              {
                "cidr_blocks": [],
                "description": "Node to node CoreDNS",
                "from_port": 53,
                "ipv6_cidr_blocks": [],
                "prefix_list_ids": [],
                "protocol": "tcp",
                "security_groups": [],
                "self": true,
                "to_port": 53
              },
              {
                "cidr_blocks": [],
                "description": "Node to node ingress on ephemeral ports",
                "from_port": 1025,
                "ipv6_cidr_blocks": [],
                "prefix_list_ids": [],
                "protocol": "tcp",
                "security_groups": [],
                "self": true,
                "to_port": 65535
              }
            ],
            "name": "eks-xTreAu1P-node-cc001464a4e71271390655663e",
            "name_prefix": "eks-xTreAu1P-node-",
            "owner_id": "555292118434",
            "region": "us-east-1",
            "revoke_rules_on_delete": false,
            "tags": {
              "ManagedBy": "Terraform",
              "Name": "eks-xTreAu1P-node",
              "Project": "Learning Terraform",
              "karpenter.sh/discovery": "eks-xTreAu1P",
              "kubernetes.io/cluster/eks-xTreAu1P": "owned"
            },
            "tags_all": {
              "ManagedBy": "Terraform",
              "Name": "eks-xTreAu1P-node",
              "Project": "Learning Terraform",
              "karpenter.sh/discovery": "eks-xTreAu1P",
              "kubernetes.io/cluster/eks-xTreAu1P": "owned"
            },
            "timeouts": null,
            "vpc_id": "vpc-04c418f197b2c8612"
          },
          "sensitive_attributes": [],
          "identity_schema_version": 0,
          "identity": {
            "account_id": "555292118434",
            "id": "sg-08dfa8c4692022903",
            "region": "us-east-1"
          },
          "private": "eyJlMmJmYjczMC1lY2FhLTExZTYtOGY4OC0zNDM2M2JjN2M0YzAiOnsiY3JlYXRlIjo2MDAwMDAwMDAwMDAsImRlbGV0ZSI6OTAwMDAwMDAwMDAwfSwic2NoZW1hX3ZlcnNpb24iOiIxIn0=",
          "dependencies": [
            "module.vpc.aws_vpc.this",
            "random_string.suffix"
          ],
          "create_before_destroy": true
        }
      ]
    },
    {
      "module": "module.eks",
      "mode": "managed",
      "type": "aws_security_group_rule",
      "name": "cluster",
      "provider": "provider[\"registry.terraform.io/hashicorp/aws\"]",
      "instances": [
        {
          "index_key": "ingress_https",
          "schema_version": 2,
          "attributes": {
            "cidr_blocks": [
              "0.0.0.0/0"
            ],
            "description": "Allow Kubernetes API access from trusted networks",
            "from_port": 443,
            "id": "sgrule-2843462906",
            "ipv6_cidr_blocks": null,
            "prefix_list_ids": null,
            "protocol": "tcp",
            "region": "us-east-1",
            "security_group_id": "sg-0881166ec783be1ae",
            "security_group_rule_id": "sgr-01888a2c34e3bdf25",
            "self": false,
            "source_security_group_id": null,
            "timeouts": null,
            "to_port": 443,
            "type": "ingress"
          },
          "sensitive_attributes": [],
          "identity_schema_version": 0,
          "private": "eyJlMmJmYjczMC1lY2FhLTExZTYtOGY4OC0zNDM2M2JjN2M0YzAiOnsiY3JlYXRlIjozMDAwMDAwMDAwMDB9LCJzY2hlbWFfdmVyc2lvbiI6IjIifQ==",
          "dependencies": [
            "module.eks.aws_security_group.cluster",
            "module.eks.aws_security_group.node",
            "module.vpc.aws_vpc.this",
            "random_string.suffix"
          ],
          "create_before_destroy": true
        },
        {
          "index_key": "ingress_nodes_443",
          "schema_version": 2,
          "attributes": {
            "cidr_blocks": null,
            "description": "Node groups to cluster API",
            "from_port": 443,
            "id": "sgrule-1274829788",
            "ipv6_cidr_blocks": null,
            "prefix_list_ids": null,
            "protocol": "tcp",
            "region": "us-east-1",
            "security_group_id": "sg-0881166ec783be1ae",
            "security_group_rule_id": "sgr-051807bfc495ab152",
            "self": false,
            "source_security_group_id": "sg-08dfa8c4692022903",
            "timeouts": null,
            "to_port": 443,
            "type": "ingress"
          },
          "sensitive_attributes": [],
          "identity_schema_version": 0,
          "private": "eyJlMmJmYjczMC1lY2FhLTExZTYtOGY4OC0zNDM2M2JjN2M0YzAiOnsiY3JlYXRlIjozMDAwMDAwMDAwMDB9LCJzY2hlbWFfdmVyc2lvbiI6IjIifQ==",
          "dependencies": [
            "module.eks.aws_security_group.cluster",
            "module.eks.aws_security_group.node",
            "module.vpc.aws_vpc.this",
            "random_string.suffix"
          ],
          "create_before_destroy": true
        }
      ]
    },
    {
      "module": "module.eks",
      "mode": "managed",
      "type": "aws_security_group_rule",
      "name": "node",
      "provider": "provider[\"registry.terraform.io/hashicorp/aws\"]",
      "instances": [
        {
          "index_key": "egress_all",
          "schema_version": 2,
          "attributes": {
            "cidr_blocks": [
              "0.0.0.0/0"
            ],
            "description": "Allow all egress",
            "from_port": 0,
            "id": "sgrule-4100541189",
            "ipv6_cidr_blocks": null,
            "prefix_list_ids": null,
            "protocol": "-1",
            "region": "us-east-1",
            "security_group_id": "sg-08dfa8c4692022903",
            "security_group_rule_id": "sgr-0feaa40a12975f312",
            "self": false,
            "source_security_group_id": null,
            "timeouts": null,
            "to_port": 0,
            "type": "egress"
          },
          "sensitive_attributes": [],
          "identity_schema_version": 0,
          "private": "eyJlMmJmYjczMC1lY2FhLTExZTYtOGY4OC0zNDM2M2JjN2M0YzAiOnsiY3JlYXRlIjozMDAwMDAwMDAwMDB9LCJzY2hlbWFfdmVyc2lvbiI6IjIifQ==",
          "dependencies": [
            "module.eks.aws_security_group.cluster",
            "module.eks.aws_security_group.node",
            "module.vpc.aws_vpc.this",
            "random_string.suffix"
          ],
          "create_before_destroy": true
        },
        {
          "index_key": "ingress_cluster_10251_webhook",
          "schema_version": 2,
          "attributes": {
            "cidr_blocks": null,
            "description": "Cluster API to node 10251/tcp webhook",
            "from_port": 10251,
            "id": "sgrule-1500328401",
            "ipv6_cidr_blocks": null,
            "prefix_list_ids": null,
            "protocol": "tcp",
            "region": "us-east-1",
            "security_group_id": "sg-08dfa8c4692022903",
            "security_group_rule_id": "sgr-0ae5116b0356211c6",
            "self": false,
            "source_security_group_id": "sg-0881166ec783be1ae",
            "timeouts": null,
            "to_port": 10251,
            "type": "ingress"
          },
          "sensitive_attributes": [],
          "identity_schema_version": 0,
          "private": "eyJlMmJmYjczMC1lY2FhLTExZTYtOGY4OC0zNDM2M2JjN2M0YzAiOnsiY3JlYXRlIjozMDAwMDAwMDAwMDB9LCJzY2hlbWFfdmVyc2lvbiI6IjIifQ==",
          "dependencies": [
            "module.eks.aws_security_group.cluster",
            "module.eks.aws_security_group.node",
            "module.vpc.aws_vpc.this",
            "random_string.suffix"
          ],
          "create_before_destroy": true
        },
        {
          "index_key": "ingress_cluster_443",
          "schema_version": 2,
          "attributes": {
            "cidr_blocks": null,
            "description": "Cluster API to node groups",
            "from_port": 443,
            "id": "sgrule-3153160266",
            "ipv6_cidr_blocks": null,
            "prefix_list_ids": null,
            "protocol": "tcp",
            "region": "us-east-1",
            "security_group_id": "sg-08dfa8c4692022903",
            "security_group_rule_id": "sgr-08b3975e92f1708b1",
            "self": false,
            "source_security_group_id": "sg-0881166ec783be1ae",
            "timeouts": null,
            "to_port": 443,
            "type": "ingress"
          },
          "sensitive_attributes": [],
          "identity_schema_version": 0,
          "private": "eyJlMmJmYjczMC1lY2FhLTExZTYtOGY4OC0zNDM2M2JjN2M0YzAiOnsiY3JlYXRlIjozMDAwMDAwMDAwMDB9LCJzY2hlbWFfdmVyc2lvbiI6IjIifQ==",
          "dependencies": [
            "module.eks.aws_security_group.cluster",
            "module.eks.aws_security_group.node",
            "module.vpc.aws_vpc.this",
            "random_string.suffix"
          ],
          "create_before_destroy": true
        },
        {
          "index_key": "ingress_cluster_4443_webhook",
          "schema_version": 2,
          "attributes": {
            "cidr_blocks": null,
            "description": "Cluster API to node 4443/tcp webhook",
            "from_port": 4443,
            "id": "sgrule-3006967928",
            "ipv6_cidr_blocks": null,
            "prefix_list_ids": null,
            "protocol": "tcp",
            "region": "us-east-1",
            "security_group_id": "sg-08dfa8c4692022903",
            "security_group_rule_id": "sgr-0f9d13a096b3d56ae",
            "self": false,
            "source_security_group_id": "sg-0881166ec783be1ae",
            "timeouts": null,
            "to_port": 4443,
            "type": "ingress"
          },
          "sensitive_attributes": [],
          "identity_schema_version": 0,
          "private": "eyJlMmJmYjczMC1lY2FhLTExZTYtOGY4OC0zNDM2M2JjN2M0YzAiOnsiY3JlYXRlIjozMDAwMDAwMDAwMDB9LCJzY2hlbWFfdmVyc2lvbiI6IjIifQ==",
          "dependencies": [
            "module.eks.aws_security_group.cluster",
            "module.eks.aws_security_group.node",
            "module.vpc.aws_vpc.this",
            "random_string.suffix"
          ],
          "create_before_destroy": true
        },
        {
          "index_key": "ingress_cluster_6443_webhook",
          "schema_version": 2,
          "attributes": {
            "cidr_blocks": null,
            "description": "Cluster API to node 6443/tcp webhook",
            "from_port": 6443,
            "id": "sgrule-2054739950",
            "ipv6_cidr_blocks": null,
            "prefix_list_ids": null,
            "protocol": "tcp",
            "region": "us-east-1",
            "security_group_id": "sg-08dfa8c4692022903",
            "security_group_rule_id": "sgr-0b6b05217b66a1e6e",
            "self": false,
            "source_security_group_id": "sg-0881166ec783be1ae",
            "timeouts": null,
            "to_port": 6443,
            "type": "ingress"
          },
          "sensitive_attributes": [],
          "identity_schema_version": 0,
          "private": "eyJlMmJmYjczMC1lY2FhLTExZTYtOGY4OC0zNDM2M2JjN2M0YzAiOnsiY3JlYXRlIjozMDAwMDAwMDAwMDB9LCJzY2hlbWFfdmVyc2lvbiI6IjIifQ==",
          "dependencies": [
            "module.eks.aws_security_group.cluster",
            "module.eks.aws_security_group.node",
            "module.vpc.aws_vpc.this",
            "random_string.suffix"
          ],
          "create_before_destroy": true
        },
        {
          "index_key": "ingress_cluster_8443_webhook",
          "schema_version": 2,
          "attributes": {
            "cidr_blocks": null,
            "description": "Cluster API to node 8443/tcp webhook",
            "from_port": 8443,
            "id": "sgrule-1764027343",
            "ipv6_cidr_blocks": null,
            "prefix_list_ids": null,
            "protocol": "tcp",
            "region": "us-east-1",
            "security_group_id": "sg-08dfa8c4692022903",
            "security_group_rule_id": "sgr-04c1b487c41f18cef",
            "self": false,
            "source_security_group_id": "sg-0881166ec783be1ae",
            "timeouts": null,
            "to_port": 8443,
            "type": "ingress"
          },
          "sensitive_attributes": [],
          "identity_schema_version": 0,
          "private": "eyJlMmJmYjczMC1lY2FhLTExZTYtOGY4OC0zNDM2M2JjN2M0YzAiOnsiY3JlYXRlIjozMDAwMDAwMDAwMDB9LCJzY2hlbWFfdmVyc2lvbiI6IjIifQ==",
          "dependencies": [
            "module.eks.aws_security_group.cluster",
            "module.eks.aws_security_group.node",
            "module.vpc.aws_vpc.this",
            "random_string.suffix"
          ],
          "create_before_destroy": true
        },
        {
          "index_key": "ingress_cluster_9443_webhook",
          "schema_version": 2,
          "attributes": {
            "cidr_blocks": null,
            "description": "Cluster API to node 9443/tcp webhook",
            "from_port": 9443,
            "id": "sgrule-226875396",
            "ipv6_cidr_blocks": null,
            "prefix_list_ids": null,
            "protocol": "tcp",
            "region": "us-east-1",
            "security_group_id": "sg-08dfa8c4692022903",
            "security_group_rule_id": "sgr-0b9c880ff0fe196cb",
            "self": false,
            "source_security_group_id": "sg-0881166ec783be1ae",
            "timeouts": null,
            "to_port": 9443,
            "type": "ingress"
          },
          "sensitive_attributes": [],
          "identity_schema_version": 0,
          "private": "eyJlMmJmYjczMC1lY2FhLTExZTYtOGY4OC0zNDM2M2JjN2M0YzAiOnsiY3JlYXRlIjozMDAwMDAwMDAwMDB9LCJzY2hlbWFfdmVyc2lvbiI6IjIifQ==",
          "dependencies": [
            "module.eks.aws_security_group.cluster",
            "module.eks.aws_security_group.node",
            "module.vpc.aws_vpc.this",
            "random_string.suffix"
          ],
          "create_before_destroy": true
        },
        {
          "index_key": "ingress_cluster_kubelet",
          "schema_version": 2,
          "attributes": {
            "cidr_blocks": null,
            "description": "Cluster API to node kubelets",
            "from_port": 10250,
            "id": "sgrule-1831100842",
            "ipv6_cidr_blocks": null,
            "prefix_list_ids": null,
            "protocol": "tcp",
            "region": "us-east-1",
            "security_group_id": "sg-08dfa8c4692022903",
            "security_group_rule_id": "sgr-082b9ca383b19f84f",
            "self": false,
            "source_security_group_id": "sg-0881166ec783be1ae",
            "timeouts": null,
            "to_port": 10250,
            "type": "ingress"
          },
          "sensitive_attributes": [],
          "identity_schema_version": 0,
          "private": "eyJlMmJmYjczMC1lY2FhLTExZTYtOGY4OC0zNDM2M2JjN2M0YzAiOnsiY3JlYXRlIjozMDAwMDAwMDAwMDB9LCJzY2hlbWFfdmVyc2lvbiI6IjIifQ==",
          "dependencies": [
            "module.eks.aws_security_group.cluster",
            "module.eks.aws_security_group.node",
            "module.vpc.aws_vpc.this",
            "random_string.suffix"
          ],
          "create_before_destroy": true
        },
        {
          "index_key": "ingress_nodes_ephemeral",
          "schema_version": 2,
          "attributes": {
            "cidr_blocks": null,
            "description": "Node to node ingress on ephemeral ports",
            "from_port": 1025,
            "id": "sgrule-659306038",
            "ipv6_cidr_blocks": null,
            "prefix_list_ids": null,
            "protocol": "tcp",
            "region": "us-east-1",
            "security_group_id": "sg-08dfa8c4692022903",
            "security_group_rule_id": "sgr-088a4838f6ac23caf",
            "self": true,
            "source_security_group_id": null,
            "timeouts": null,
            "to_port": 65535,
            "type": "ingress"
          },
          "sensitive_attributes": [],
          "identity_schema_version": 0,
          "private": "eyJlMmJmYjczMC1lY2FhLTExZTYtOGY4OC0zNDM2M2JjN2M0YzAiOnsiY3JlYXRlIjozMDAwMDAwMDAwMDB9LCJzY2hlbWFfdmVyc2lvbiI6IjIifQ==",
          "dependencies": [
            "module.eks.aws_security_group.cluster",
            "module.eks.aws_security_group.node",
            "module.vpc.aws_vpc.this",
            "random_string.suffix"
          ],
          "create_before_destroy": true
        },
        {
          "index_key": "ingress_self_coredns_tcp",
          "schema_version": 2,
          "attributes": {
            "cidr_blocks": null,
            "description": "Node to node CoreDNS",
            "from_port": 53,
            "id": "sgrule-1914648330",
            "ipv6_cidr_blocks": null,
            "prefix_list_ids": null,
            "protocol": "tcp",
            "region": "us-east-1",
            "security_group_id": "sg-08dfa8c4692022903",
            "security_group_rule_id": "sgr-0accabd2480c17092",
            "self": true,
            "source_security_group_id": null,
            "timeouts": null,
            "to_port": 53,
            "type": "ingress"
          },
          "sensitive_attributes": [],
          "identity_schema_version": 0,
          "private": "eyJlMmJmYjczMC1lY2FhLTExZTYtOGY4OC0zNDM2M2JjN2M0YzAiOnsiY3JlYXRlIjozMDAwMDAwMDAwMDB9LCJzY2hlbWFfdmVyc2lvbiI6IjIifQ==",
          "dependencies": [
            "module.eks.aws_security_group.cluster",
            "module.eks.aws_security_group.node",
            "module.vpc.aws_vpc.this",
            "random_string.suffix"
          ],
          "create_before_destroy": true
        },
        {
          "index_key": "ingress_self_coredns_udp",
          "schema_version": 2,
          "attributes": {
            "cidr_blocks": null,
            "description": "Node to node CoreDNS UDP",
            "from_port": 53,
            "id": "sgrule-3594556645",
            "ipv6_cidr_blocks": null,
            "prefix_list_ids": null,
            "protocol": "udp",
            "region": "us-east-1",
            "security_group_id": "sg-08dfa8c4692022903",
            "security_group_rule_id": "sgr-0aded4b8b0f94334c",
            "self": true,
            "source_security_group_id": null,
            "timeouts": null,
            "to_port": 53,
            "type": "ingress"
          },
          "sensitive_attributes": [],
          "identity_schema_version": 0,
          "private": "eyJlMmJmYjczMC1lY2FhLTExZTYtOGY4OC0zNDM2M2JjN2M0YzAiOnsiY3JlYXRlIjozMDAwMDAwMDAwMDB9LCJzY2hlbWFfdmVyc2lvbiI6IjIifQ==",
          "dependencies": [
            "module.eks.aws_security_group.cluster",
            "module.eks.aws_security_group.node",
            "module.vpc.aws_vpc.this",
            "random_string.suffix"
          ],
          "create_before_destroy": true
        }
      ]
    },
    {
      "module": "module.eks.module.kms",
      "mode": "data",
      "type": "aws_caller_identity",
      "name": "current",
      "provider": "provider[\"registry.terraform.io/hashicorp/aws\"]",
      "instances": [
        {
          "index_key": 0,
          "schema_version": 0,
          "attributes": {
            "account_id": "555292118434",
            "arn": "arn:aws:iam::555292118434:user/awscli_user",
            "id": "555292118434",
            "user_id": "AIDAYCSP5JWRLXN7M7OV4"
          },
          "sensitive_attributes": [],
          "identity_schema_version": 0
        }
      ]
    },
    {
      "module": "module.eks.module.kms",
      "mode": "data",
      "type": "aws_iam_policy_document",
      "name": "this",
      "provider": "provider[\"registry.terraform.io/hashicorp/aws\"]",
      "instances": [
        {
          "index_key": 0,
          "schema_version": 0,
          "attributes": {
            "id": "4190388024",
            "json": "{\n  \"Version\": \"2012-10-17\",\n  \"Statement\": [\n    {\n      \"Sid\": \"Default\",\n      \"Effect\": \"Allow\",\n      \"Action\": \"kms:*\",\n      \"Resource\": \"*\",\n      \"Principal\": {\n        \"AWS\": \"arn:aws:iam::555292118434:root\"\n      }\n    },\n    {\n      \"Sid\": \"KeyAdministration\",\n      \"Effect\": \"Allow\",\n      \"Action\": [\n        \"kms:Update*\",\n        \"kms:UntagResource\",\n        \"kms:TagResource\",\n        \"kms:ScheduleKeyDeletion\",\n        \"kms:Revoke*\",\n        \"kms:ReplicateKey\",\n        \"kms:Put*\",\n        \"kms:List*\",\n        \"kms:ImportKeyMaterial\",\n        \"kms:Get*\",\n        \"kms:Enable*\",\n        \"kms:Disable*\",\n        \"kms:Describe*\",\n        \"kms:Delete*\",\n        \"kms:Create*\",\n        \"kms:CancelKeyDeletion\"\n      ],\n      \"Resource\": \"*\",\n      \"Principal\": {\n        \"AWS\": \"arn:aws:iam::555292118434:user/awscli_user\"\n      }\n    },\n    {\n      \"Sid\": \"KeyUsage\",\n      \"Effect\": \"Allow\",\n      \"Action\": [\n        \"kms:ReEncrypt*\",\n        \"kms:GenerateDataKey*\",\n        \"kms:Encrypt\",\n        \"kms:DescribeKey\",\n        \"kms:Decrypt\"\n      ],\n      \"Resource\": \"*\",\n      \"Principal\": {\n        \"AWS\": \"arn:aws:iam::555292118434:role/eks-xTreAu1P-cluster-979ffcf9a3d14a75ea79279043\"\n      }\n    }\n  ]\n}",
            "minified_json": "{\"Version\":\"2012-10-17\",\"Statement\":[{\"Sid\":\"Default\",\"Effect\":\"Allow\",\"Action\":\"kms:*\",\"Resource\":\"*\",\"Principal\":{\"AWS\":\"arn:aws:iam::555292118434:root\"}},{\"Sid\":\"KeyAdministration\",\"Effect\":\"Allow\",\"Action\":[\"kms:Update*\",\"kms:UntagResource\",\"kms:TagResource\",\"kms:ScheduleKeyDeletion\",\"kms:Revoke*\",\"kms:ReplicateKey\",\"kms:Put*\",\"kms:List*\",\"kms:ImportKeyMaterial\",\"kms:Get*\",\"kms:Enable*\",\"kms:Disable*\",\"kms:Describe*\",\"kms:Delete*\",\"kms:Create*\",\"kms:CancelKeyDeletion\"],\"Resource\":\"*\",\"Principal\":{\"AWS\":\"arn:aws:iam::555292118434:user/awscli_user\"}},{\"Sid\":\"KeyUsage\",\"Effect\":\"Allow\",\"Action\":[\"kms:ReEncrypt*\",\"kms:GenerateDataKey*\",\"kms:Encrypt\",\"kms:DescribeKey\",\"kms:Decrypt\"],\"Resource\":\"*\",\"Principal\":{\"AWS\":\"arn:aws:iam::555292118434:role/eks-xTreAu1P-cluster-979ffcf9a3d14a75ea79279043\"}}]}",
            "override_json": null,
            "override_policy_documents": null,
            "policy_id": null,
            "source_json": null,
            "source_policy_documents": null,
            "statement": [
              {
                "actions": [
                  "kms:*"
                ],
                "condition": [],
                "effect": "Allow",
                "not_actions": [],
                "not_principals": [],
                "not_resources": [],
                "principals": [
                  {
                    "identifiers": [
                      "arn:aws:iam::555292118434:root"
                    ],
                    "type": "AWS"
                  }
                ],
                "resources": [
                  "*"
                ],
                "sid": "Default"
              },
              {
                "actions": [
                  "kms:CancelKeyDeletion",
                  "kms:Create*",
                  "kms:Delete*",
                  "kms:Describe*",
                  "kms:Disable*",
                  "kms:Enable*",
                  "kms:Get*",
                  "kms:ImportKeyMaterial",
                  "kms:List*",
                  "kms:Put*",
                  "kms:ReplicateKey",
                  "kms:Revoke*",
                  "kms:ScheduleKeyDeletion",
                  "kms:TagResource",
                  "kms:UntagResource",
                  "kms:Update*"
                ],
                "condition": [],
                "effect": "Allow",
                "not_actions": [],
                "not_principals": [],
                "not_resources": [],
                "principals": [
                  {
                    "identifiers": [
                      "arn:aws:iam::555292118434:user/awscli_user"
                    ],
                    "type": "AWS"
                  }
                ],
                "resources": [
                  "*"
                ],
                "sid": "KeyAdministration"
              },
              {
                "actions": [
                  "kms:Decrypt",
                  "kms:DescribeKey",
                  "kms:Encrypt",
                  "kms:GenerateDataKey*",
                  "kms:ReEncrypt*"
                ],
                "condition": [],
                "effect": "Allow",
                "not_actions": [],
                "not_principals": [],
                "not_resources": [],
                "principals": [
                  {
                    "identifiers": [
                      "arn:aws:iam::555292118434:role/eks-xTreAu1P-cluster-979ffcf9a3d14a75ea79279043"
                    ],
                    "type": "AWS"
                  }
                ],
                "resources": [
                  "*"
                ],
                "sid": "KeyUsage"
              }
            ],
            "version": "2012-10-17"
          },
          "sensitive_attributes": [],
          "identity_schema_version": 0
        }
      ]
    },
    {
      "module": "module.eks.module.kms",
      "mode": "data",
      "type": "aws_partition",
      "name": "current",
      "provider": "provider[\"registry.terraform.io/hashicorp/aws\"]",
      "instances": [
        {
          "index_key": 0,
          "schema_version": 0,
          "attributes": {
            "dns_suffix": "amazonaws.com",
            "id": "aws",
            "partition": "aws",
            "reverse_dns_prefix": "com.amazonaws"
          },
          "sensitive_attributes": [],
          "identity_schema_version": 0
        }
      ]
    },
    {
      "module": "module.eks.module.kms",
      "mode": "managed",
      "type": "aws_kms_external_key",
      "name": "this",
      "provider": "provider[\"registry.terraform.io/hashicorp/aws\"]",
      "instances": []
    },
    {
      "module": "module.eks.module.kms",
      "mode": "managed",
      "type": "aws_kms_key",
      "name": "this",
      "provider": "provider[\"registry.terraform.io/hashicorp/aws\"]",
      "instances": [
        {
          "index_key": 0,
          "schema_version": 0,
          "attributes": {
            "arn": "arn:aws:kms:us-east-1:555292118434:key/b8bca8e2-5b31-4f33-8ab0-dc39afffa5ae",
            "bypass_policy_lockout_safety_check": false,
            "custom_key_store_id": "",
            "customer_master_key_spec": "SYMMETRIC_DEFAULT",
            "deletion_window_in_days": null,
            "description": "eks-xTreAu1P cluster encryption key",
            "enable_key_rotation": true,
            "id": "b8bca8e2-5b31-4f33-8ab0-dc39afffa5ae",
            "is_enabled": true,
            "key_id": "b8bca8e2-5b31-4f33-8ab0-dc39afffa5ae",
            "key_usage": "ENCRYPT_DECRYPT",
            "multi_region": false,
            "policy": "{\"Statement\":[{\"Action\":\"kms:*\",\"Effect\":\"Allow\",\"Principal\":{\"AWS\":\"arn:aws:iam::555292118434:root\"},\"Resource\":\"*\",\"Sid\":\"Default\"},{\"Action\":[\"kms:Update*\",\"kms:UntagResource\",\"kms:TagResource\",\"kms:ScheduleKeyDeletion\",\"kms:Revoke*\",\"kms:ReplicateKey\",\"kms:Put*\",\"kms:List*\",\"kms:ImportKeyMaterial\",\"kms:Get*\",\"kms:Enable*\",\"kms:Disable*\",\"kms:Describe*\",\"kms:Delete*\",\"kms:Create*\",\"kms:CancelKeyDeletion\"],\"Effect\":\"Allow\",\"Principal\":{\"AWS\":\"arn:aws:iam::555292118434:user/awscli_user\"},\"Resource\":\"*\",\"Sid\":\"KeyAdministration\"},{\"Action\":[\"kms:ReEncrypt*\",\"kms:GenerateDataKey*\",\"kms:Encrypt\",\"kms:DescribeKey\",\"kms:Decrypt\"],\"Effect\":\"Allow\",\"Principal\":{\"AWS\":\"arn:aws:iam::555292118434:role/eks-xTreAu1P-cluster-979ffcf9a3d14a75ea79279043\"},\"Resource\":\"*\",\"Sid\":\"KeyUsage\"}],\"Version\":\"2012-10-17\"}",
            "region": "us-east-1",
            "rotation_period_in_days": 365,
            "tags": {
              "ManagedBy": "Terraform",
              "Project": "Learning Terraform"
            },
            "tags_all": {
              "ManagedBy": "Terraform",
              "Project": "Learning Terraform"
            },
            "timeouts": null,
            "xks_key_id": ""
          },
          "sensitive_attributes": [],
          "identity_schema_version": 0,
          "identity": {
            "account_id": "555292118434",
            "id": "b8bca8e2-5b31-4f33-8ab0-dc39afffa5ae",
            "region": "us-east-1"
          },
          "private": "eyJlMmJmYjczMC1lY2FhLTExZTYtOGY4OC0zNDM2M2JjN2M0YzAiOnsiY3JlYXRlIjoxMjAwMDAwMDAwMDB9fQ==",
          "dependencies": [
            "module.eks.aws_iam_role.this",
            "module.eks.data.aws_caller_identity.current",
            "module.eks.data.aws_iam_policy_document.assume_role_policy",
            "module.eks.data.aws_iam_session_context.current",
            "module.eks.module.kms.data.aws_caller_identity.current",
            "module.eks.module.kms.data.aws_iam_policy_document.this",
            "module.eks.module.kms.data.aws_partition.current",
            "random_string.suffix"
          ],
          "create_before_destroy": true
        }
      ]
    },
    {
      "module": "module.eks.module.kms",
      "mode": "managed",
      "type": "aws_kms_replica_external_key",
      "name": "this",
      "provider": "provider[\"registry.terraform.io/hashicorp/aws\"]",
      "instances": []
    },
    {
      "module": "module.eks.module.kms",
      "mode": "managed",
      "type": "aws_kms_replica_key",
      "name": "this",
      "provider": "provider[\"registry.terraform.io/hashicorp/aws\"]",
      "instances": []
    },
    {
      "module": "module.karpenter",
      "mode": "data",
      "type": "aws_caller_identity",
      "name": "current",
      "provider": "provider[\"registry.terraform.io/hashicorp/aws\"]",
      "instances": [
        {
          "index_key": 0,
          "schema_version": 0,
          "attributes": {
            "account_id": "555292118434",
            "arn": "arn:aws:iam::555292118434:user/awscli_user",
            "id": "555292118434",
            "user_id": "AIDAYCSP5JWRLXN7M7OV4"
          },
          "sensitive_attributes": [],
          "identity_schema_version": 0
        }
      ]
    },
    {
      "module": "module.karpenter",
      "mode": "data",
      "type": "aws_iam_policy_document",
      "name": "node_assume_role",
      "provider": "provider[\"registry.terraform.io/hashicorp/aws\"]",
      "instances": [
        {
          "index_key": 0,
          "schema_version": 0,
          "attributes": {
            "id": "2560088296",
            "json": "{\n  \"Version\": \"2012-10-17\",\n  \"Statement\": [\n    {\n      \"Sid\": \"EKSNodeAssumeRole\",\n      \"Effect\": \"Allow\",\n      \"Action\": \"sts:AssumeRole\",\n      \"Principal\": {\n        \"Service\": \"ec2.amazonaws.com\"\n      }\n    }\n  ]\n}",
            "minified_json": "{\"Version\":\"2012-10-17\",\"Statement\":[{\"Sid\":\"EKSNodeAssumeRole\",\"Effect\":\"Allow\",\"Action\":\"sts:AssumeRole\",\"Principal\":{\"Service\":\"ec2.amazonaws.com\"}}]}",
            "override_json": null,
            "override_policy_documents": null,
            "policy_id": null,
            "source_json": null,
            "source_policy_documents": null,
            "statement": [
              {
                "actions": [
                  "sts:AssumeRole"
                ],
                "condition": [],
                "effect": "Allow",
                "not_actions": [],
                "not_principals": [],
                "not_resources": [],
                "principals": [
                  {
                    "identifiers": [
                      "ec2.amazonaws.com"
                    ],
                    "type": "Service"
                  }
                ],
                "resources": [],
                "sid": "EKSNodeAssumeRole"
              }
            ],
            "version": "2012-10-17"
          },
          "sensitive_attributes": [],
          "identity_schema_version": 0
        }
      ]
    },
    {
      "module": "module.karpenter",
      "mode": "data",
      "type": "aws_service_principal",
      "name": "ec2",
      "provider": "provider[\"registry.terraform.io/hashicorp/aws\"]",
      "instances": [
        {
          "index_key": 0,
          "schema_version": 0,
          "attributes": {
            "id": "ec2.us-east-1.amazonaws.com",
            "name": "ec2.amazonaws.com",
            "region": "us-east-1",
            "service_name": "ec2",
            "suffix": "amazonaws.com"
          },
          "sensitive_attributes": [],
          "identity_schema_version": 0
        }
      ]
    },
    {
      "module": "module.karpenter",
      "mode": "managed",
      "type": "aws_iam_role",
      "name": "node",
      "provider": "provider[\"registry.terraform.io/hashicorp/aws\"]",
      "instances": [
        {
          "index_key": 0,
          "schema_version": 0,
          "attributes": {
            "arn": "arn:aws:iam::555292118434:role/eks-xTreAu1P-karpenter-node",
            "assume_role_policy": "{\"Statement\":[{\"Action\":\"sts:AssumeRole\",\"Effect\":\"Allow\",\"Principal\":{\"Service\":\"ec2.amazonaws.com\"},\"Sid\":\"EKSNodeAssumeRole\"}],\"Version\":\"2012-10-17\"}",
            "create_date": "2026-08-12T21:36:28Z",
            "description": "",
            "force_detach_policies": true,
            "id": "eks-xTreAu1P-karpenter-node",
            "inline_policy": [],
            "managed_policy_arns": [
              "arn:aws:iam::aws:policy/AmazonEC2ContainerRegistryPullOnly",
              "arn:aws:iam::aws:policy/AmazonEKSWorkerNodePolicy",
              "arn:aws:iam::aws:policy/AmazonEKS_CNI_Policy",
              "arn:aws:iam::aws:policy/AmazonSSMManagedInstanceCore"
            ],
            "max_session_duration": 3600,
            "name": "eks-xTreAu1P-karpenter-node",
            "name_prefix": "",
            "path": "/",
            "permissions_boundary": "",
            "tags": {
              "ManagedBy": "Terraform",
              "Project": "Learning Terraform"
            },
            "tags_all": {
              "ManagedBy": "Terraform",
              "Project": "Learning Terraform"
            },
            "unique_id": "AROAYCSP5JWRAFLJRI5HZ"
          },
          "sensitive_attributes": [],
          "identity_schema_version": 0,
          "identity": {
            "account_id": "555292118434",
            "name": "eks-xTreAu1P-karpenter-node"
          },
          "private": "bnVsbA==",
          "dependencies": [
            "data.aws_availability_zones.available",
            "module.eks.aws_cloudwatch_log_group.this",
            "module.eks.aws_eks_access_entry.this",
            "module.eks.aws_eks_access_policy_association.this",
            "module.eks.aws_eks_cluster.this",
            "module.eks.aws_iam_policy.cni_ipv6_policy",
            "module.eks.aws_iam_role.eks_auto",
            "module.eks.aws_iam_role.this",
            "module.eks.aws_iam_role_policy_attachment.this",
            "module.eks.aws_security_group.cluster",
            "module.eks.aws_security_group.node",
            "module.eks.aws_security_group_rule.cluster",
            "module.eks.aws_security_group_rule.node",
            "module.eks.data.aws_caller_identity.current",
            "module.eks.data.aws_iam_policy_document.assume_role_policy",
            "module.eks.data.aws_iam_policy_document.cni_ipv6_policy",
            "module.eks.data.aws_iam_policy_document.node_assume_role_policy",
            "module.eks.data.aws_iam_session_context.current",
            "module.eks.data.aws_partition.current",
            "module.eks.module.kms.aws_kms_external_key.this",
            "module.eks.module.kms.aws_kms_key.this",
            "module.eks.module.kms.aws_kms_replica_external_key.this",
            "module.eks.module.kms.aws_kms_replica_key.this",
            "module.eks.module.kms.data.aws_caller_identity.current",
            "module.eks.module.kms.data.aws_iam_policy_document.this",
            "module.eks.module.kms.data.aws_partition.current",
            "module.karpenter.data.aws_caller_identity.current",
            "module.karpenter.data.aws_iam_policy_document.node_assume_role",
            "module.karpenter.data.aws_service_principal.ec2",
            "module.vpc.aws_subnet.private",
            "module.vpc.aws_vpc.this",
            "module.vpc.aws_vpc_ipv4_cidr_block_association.this",
            "random_string.suffix"
          ]
        }
      ]
    },
    {
      "module": "module.karpenter",
      "mode": "managed",
      "type": "aws_sqs_queue",
      "name": "this",
      "provider": "provider[\"registry.terraform.io/hashicorp/aws\"]",
      "instances": [
        {
          "index_key": 0,
          "schema_version": 0,
          "attributes": {
            "arn": "arn:aws:sqs:us-east-1:555292118434:Karpenter-eks-xTreAu1P",
            "content_based_deduplication": false,
            "deduplication_scope": "",
            "delay_seconds": 0,
            "fifo_queue": false,
            "fifo_throughput_limit": "",
            "id": "https://sqs.us-east-1.amazonaws.com/555292118434/Karpenter-eks-xTreAu1P",
            "kms_data_key_reuse_period_seconds": 300,
            "kms_master_key_id": "",
            "max_message_size": 262144,
            "message_retention_seconds": 300,
            "name": "Karpenter-eks-xTreAu1P",
            "name_prefix": "",
            "policy": "{\"Statement\":[{\"Action\":\"sqs:SendMessage\",\"Effect\":\"Allow\",\"Principal\":{\"Service\":[\"sqs.amazonaws.com\",\"events.amazonaws.com\"]},\"Resource\":\"arn:aws:sqs:us-east-1:555292118434:Karpenter-eks-xTreAu1P\",\"Sid\":\"SqsWrite\"},{\"Action\":\"sqs:*\",\"Condition\":{\"Bool\":{\"aws:SecureTransport\":\"false\"}},\"Effect\":\"Deny\",\"Principal\":\"*\",\"Resource\":\"arn:aws:sqs:us-east-1:555292118434:Karpenter-eks-xTreAu1P\",\"Sid\":\"DenyHTTP\"}],\"Version\":\"2012-10-17\"}",
            "receive_wait_time_seconds": 0,
            "redrive_allow_policy": "",
            "redrive_policy": "",
            "region": "us-east-1",
            "sqs_managed_sse_enabled": true,
            "tags": {
              "ManagedBy": "Terraform",
              "Project": "Learning Terraform"
            },
            "tags_all": {
              "ManagedBy": "Terraform",
              "Project": "Learning Terraform"
            },
            "timeouts": null,
            "url": "https://sqs.us-east-1.amazonaws.com/555292118434/Karpenter-eks-xTreAu1P",
            "visibility_timeout_seconds": 30
          },
          "sensitive_attributes": [],
          "identity_schema_version": 1,
          "identity": {
            "url": "https://sqs.us-east-1.amazonaws.com/555292118434/Karpenter-eks-xTreAu1P"
          },
          "private": "eyJlMmJmYjczMC1lY2FhLTExZTYtOGY4OC0zNDM2M2JjN2M0YzAiOnsiY3JlYXRlIjoxODAwMDAwMDAwMDAsImRlbGV0ZSI6MTgwMDAwMDAwMDAwLCJ1cGRhdGUiOjE4MDAwMDAwMDAwMH19",
          "dependencies": [
            "data.aws_availability_zones.available",
            "module.eks.aws_cloudwatch_log_group.this",
            "module.eks.aws_eks_access_entry.this",
            "module.eks.aws_eks_access_policy_association.this",
            "module.eks.aws_eks_cluster.this",
            "module.eks.aws_iam_policy.cni_ipv6_policy",
            "module.eks.aws_iam_role.eks_auto",
            "module.eks.aws_iam_role.this",
            "module.eks.aws_iam_role_policy_attachment.this",
            "module.eks.aws_security_group.cluster",
            "module.eks.aws_security_group.node",
            "module.eks.aws_security_group_rule.cluster",
            "module.eks.aws_security_group_rule.node",
            "module.eks.data.aws_caller_identity.current",
            "module.eks.data.aws_iam_policy_document.assume_role_policy",
            "module.eks.data.aws_iam_policy_document.cni_ipv6_policy",
            "module.eks.data.aws_iam_policy_document.node_assume_role_policy",
            "module.eks.data.aws_iam_session_context.current",
            "module.eks.data.aws_partition.current",
            "module.eks.module.kms.aws_kms_external_key.this",
            "module.eks.module.kms.aws_kms_key.this",
            "module.eks.module.kms.aws_kms_replica_external_key.this",
            "module.eks.module.kms.aws_kms_replica_key.this",
            "module.eks.module.kms.data.aws_caller_identity.current",
            "module.eks.module.kms.data.aws_iam_policy_document.this",
            "module.eks.module.kms.data.aws_partition.current",
            "module.vpc.aws_subnet.private",
            "module.vpc.aws_vpc.this",
            "module.vpc.aws_vpc_ipv4_cidr_block_association.this",
            "random_string.suffix"
          ]
        }
      ]
    },
    {
      "module": "module.vpc",
      "mode": "managed",
      "type": "aws_subnet",
      "name": "private",
      "provider": "provider[\"registry.terraform.io/hashicorp/aws\"]",
      "instances": [
        {
          "index_key": 0,
          "schema_version": 1,
          "attributes": {
            "arn": "arn:aws:ec2:us-east-1:555292118434:subnet/subnet-05ce9870c6b7612bb",
            "assign_ipv6_address_on_creation": false,
            "availability_zone": "us-east-1a",
            "availability_zone_id": "use1-az1",
            "cidr_block": "192.168.11.0/24",
            "customer_owned_ipv4_pool": "",
            "enable_dns64": false,
            "enable_lni_at_device_index": 0,
            "enable_resource_name_dns_a_record_on_launch": false,
            "enable_resource_name_dns_aaaa_record_on_launch": false,
            "id": "subnet-05ce9870c6b7612bb",
            "ipv4_ipam_pool_id": null,
            "ipv4_netmask_length": null,
            "ipv6_cidr_block": "",
            "ipv6_cidr_block_association_id": "",
            "ipv6_ipam_pool_id": null,
            "ipv6_native": false,
            "ipv6_netmask_length": null,
            "map_customer_owned_ip_on_launch": false,
            "map_public_ip_on_launch": false,
            "outpost_arn": "",
            "owner_id": "555292118434",
            "private_dns_hostname_type_on_launch": "ip-name",
            "region": "us-east-1",
            "tags": {
              "Name": "eks-vpc-xTreAu1P-private-1",
              "karpenter.sh/discovery": "eks-xTreAu1P",
              "kubernetes.io/cluster/eks-xTreAu1P": "shared",
              "kubernetes.io/role/internal-elb": "1"
            },
            "tags_all": {
              "Name": "eks-vpc-xTreAu1P-private-1",
              "karpenter.sh/discovery": "eks-xTreAu1P",
              "kubernetes.io/cluster/eks-xTreAu1P": "shared",
              "kubernetes.io/role/internal-elb": "1"
            },
            "timeouts": null,
            "vpc_id": "vpc-04c418f197b2c8612"
          },
          "sensitive_attributes": [],
          "identity_schema_version": 0,
          "identity": {
            "account_id": "555292118434",
            "id": "subnet-05ce9870c6b7612bb",
            "region": "us-east-1"
          },
          "private": "eyJlMmJmYjczMC1lY2FhLTExZTYtOGY4OC0zNDM2M2JjN2M0YzAiOnsiY3JlYXRlIjo2MDAwMDAwMDAwMDAsImRlbGV0ZSI6MTIwMDAwMDAwMDAwMH0sInNjaGVtYV92ZXJzaW9uIjoiMSJ9",
          "dependencies": [
            "data.aws_availability_zones.available",
            "module.vpc.aws_vpc.this",
            "module.vpc.aws_vpc_ipv4_cidr_block_association.this",
            "random_string.suffix"
          ],
          "create_before_destroy": true
        },
        {
          "index_key": 1,
          "schema_version": 1,
          "attributes": {
            "arn": "arn:aws:ec2:us-east-1:555292118434:subnet/subnet-0a67852e47c4828e6",
            "assign_ipv6_address_on_creation": false,
            "availability_zone": "us-east-1b",
            "availability_zone_id": "use1-az2",
            "cidr_block": "192.168.12.0/24",
            "customer_owned_ipv4_pool": "",
            "enable_dns64": false,
            "enable_lni_at_device_index": 0,
            "enable_resource_name_dns_a_record_on_launch": false,
            "enable_resource_name_dns_aaaa_record_on_launch": false,
            "id": "subnet-0a67852e47c4828e6",
            "ipv4_ipam_pool_id": null,
            "ipv4_netmask_length": null,
            "ipv6_cidr_block": "",
            "ipv6_cidr_block_association_id": "",
            "ipv6_ipam_pool_id": null,
            "ipv6_native": false,
            "ipv6_netmask_length": null,
            "map_customer_owned_ip_on_launch": false,
            "map_public_ip_on_launch": false,
            "outpost_arn": "",
            "owner_id": "555292118434",
            "private_dns_hostname_type_on_launch": "ip-name",
            "region": "us-east-1",
            "tags": {
              "Name": "eks-vpc-xTreAu1P-private-2",
              "karpenter.sh/discovery": "eks-xTreAu1P",
              "kubernetes.io/cluster/eks-xTreAu1P": "shared",
              "kubernetes.io/role/internal-elb": "1"
            },
            "tags_all": {
              "Name": "eks-vpc-xTreAu1P-private-2",
              "karpenter.sh/discovery": "eks-xTreAu1P",
              "kubernetes.io/cluster/eks-xTreAu1P": "shared",
              "kubernetes.io/role/internal-elb": "1"
            },
            "timeouts": null,
            "vpc_id": "vpc-04c418f197b2c8612"
          },
          "sensitive_attributes": [],
          "identity_schema_version": 0,
          "identity": {
            "account_id": "555292118434",
            "id": "subnet-0a67852e47c4828e6",
            "region": "us-east-1"
          },
          "private": "eyJlMmJmYjczMC1lY2FhLTExZTYtOGY4OC0zNDM2M2JjN2M0YzAiOnsiY3JlYXRlIjo2MDAwMDAwMDAwMDAsImRlbGV0ZSI6MTIwMDAwMDAwMDAwMH0sInNjaGVtYV92ZXJzaW9uIjoiMSJ9",
          "dependencies": [
            "data.aws_availability_zones.available",
            "module.vpc.aws_vpc.this",
            "module.vpc.aws_vpc_ipv4_cidr_block_association.this",
            "random_string.suffix"
          ],
          "create_before_destroy": true
        }
      ]
    },
    {
      "module": "module.vpc",
      "mode": "managed",
      "type": "aws_vpc",
      "name": "this",
      "provider": "provider[\"registry.terraform.io/hashicorp/aws\"]",
      "instances": [
        {
          "index_key": 0,
          "schema_version": 1,
          "attributes": {
            "arn": "arn:aws:ec2:us-east-1:555292118434:vpc/vpc-04c418f197b2c8612",
            "assign_generated_ipv6_cidr_block": false,
            "cidr_block": "192.168.0.0/16",
            "default_network_acl_id": "acl-00dc4be3396be18c3",
            "default_route_table_id": "rtb-02d5909506a768262",
            "default_security_group_id": "sg-0e9e61084cb8b93ee",
            "dhcp_options_id": "dopt-02d44acc8716b478c",
            "enable_dns_hostnames": true,
            "enable_dns_support": true,
            "enable_network_address_usage_metrics": false,
            "id": "vpc-04c418f197b2c8612",
            "instance_tenancy": "default",
            "ipv4_ipam_pool_id": null,
            "ipv4_netmask_length": null,
            "ipv6_association_id": "",
            "ipv6_cidr_block": "",
            "ipv6_cidr_block_network_border_group": "",
            "ipv6_ipam_pool_id": "",
            "ipv6_netmask_length": 0,
            "main_route_table_id": "rtb-02d5909506a768262",
            "owner_id": "555292118434",
            "region": "us-east-1",
            "tags": {
              "Name": "eks-vpc-xTreAu1P",
              "kubernetes.io/cluster/eks-xTreAu1P": "shared"
            },
            "tags_all": {
              "Name": "eks-vpc-xTreAu1P",
              "kubernetes.io/cluster/eks-xTreAu1P": "shared"
            }
          },
          "sensitive_attributes": [],
          "identity_schema_version": 0,
          "identity": {
            "account_id": "555292118434",
            "id": "vpc-04c418f197b2c8612",
            "region": "us-east-1"
          },
          "private": "eyJzY2hlbWFfdmVyc2lvbiI6IjEifQ==",
          "dependencies": [
            "random_string.suffix"
          ],
          "create_before_destroy": true
        }
      ]
    },
    {
      "module": "module.vpc",
      "mode": "managed",
      "type": "aws_vpc_ipv4_cidr_block_association",
      "name": "this",
      "provider": "provider[\"registry.terraform.io/hashicorp/aws\"]",
      "instances": []
    }
  ],
  "check_results": [
    {
      "object_kind": "resource",
      "config_addr": "module.eks.module.self_managed_node_group.module.user_data.null_resource.validate_cluster_service_cidr",
      "status": "unknown",
      "objects": null
    },
    {
      "object_kind": "resource",
      "config_addr": "module.eks.module.eks_managed_node_group.module.user_data.null_resource.validate_cluster_service_cidr",
      "status": "unknown",
      "objects": null
    }
  ]
}
